<?xml version="1.0" encoding="utf-8"?>
<Project ToolsVersion="4.0" xmlns="http://schemas.microsoft.com/developer/msbuild/2003">
  <ItemGroup>
    <Filter Include="Source Files">
      <UniqueIdentifier>{47ae78d0-0155-11e1-a5a7-002618861ed1}</UniqueIdentifier>
      <Extensions>cpp;c;cc</Extensions>
    </Filter>
  </ItemGroup>
  <ItemGroup>
    <ClCompile Include="..\aes_ofb128_256.c">
      <Filter>Source Files</Filter>
    </ClCompile>
  </ItemGroup>
</Project>