
Microsoft Visual Studio Solution File, Format Version 12.00
# Visual Studio 2013
VisualStudioVersion = 12.0.31101.0
MinimumVisualStudioVersion = 10.0.40219.1
Project("{2150E333-8FDC-42A3-9474-1A3956D46DE8}") = "crypto", "crypto", "{C6F6585C-3A32-4423-9A89-6DB1C65A76DC}"
EndProject
Project("{2150E333-8FDC-42A3-9474-1A3956D46DE8}") = "ciphers", "ciphers", "{F17A50FD-55FB-4BA6-82C6-028F40CE1751}"
EndProject
Project("{2150E333-8FDC-42A3-9474-1A3956D46DE8}") = "asymmetric", "asymmetric", "{EDBE9BD4-3DF8-405D-ABAD-B66264484B86}"
EndProject
Project("{2150E333-8FDC-42A3-9474-1A3956D46DE8}") = "rsa", "rsa", "{9FE94FED-E80E-4A46-8036-A1454CCB35B9}"
EndProject
Project("{2150E333-8FDC-42A3-9474-1A3956D46DE8}") = "symmetric", "symmetric", "{25D54F76-888A-4B4E-BA05-056252E85EE5}"
EndProject
Project("{2150E333-8FDC-42A3-9474-1A3956D46DE8}") = "digests", "digests", "{4E0B57AB-1A3D-4429-8916-5D62B6512110}"
EndProject
Project("{8BC9CEB8-8B4A-11D0-8D11-00A0C91BC942}") = "md4", "demos\crypto\high_level\digests\md4\md4.vcxproj", "{F0A88565-5183-4B36-84CC-B9D14EC86147}"
EndProject
Project("{8BC9CEB8-8B4A-11D0-8D11-00A0C91BC942}") = "md5", "demos\crypto\high_level\digests\md5\md5.vcxproj", "{BB1839FE-C062-4656-974B-E80E963C072B}"
EndProject
Project("{8BC9CEB8-8B4A-11D0-8D11-00A0C91BC942}") = "ripemd", "demos\crypto\high_level\digests\ripemd\ripemd.vcxproj", "{3095E073-EDFC-4177-8209-F41EA0051B22}"
EndProject
Project("{8BC9CEB8-8B4A-11D0-8D11-00A0C91BC942}") = "sha", "demos\crypto\high_level\digests\sha\sha.vcxproj", "{EC782767-AF90-440F-9F2D-EA20EBA0EEC5}"
EndProject
Project("{8BC9CEB8-8B4A-11D0-8D11-00A0C91BC942}") = "sha1", "demos\crypto\high_level\digests\sha1\sha1.vcxproj", "{CC95DEAC-B0F9-432E-9EDB-6EF72D272EE3}"
EndProject
Project("{8BC9CEB8-8B4A-11D0-8D11-00A0C91BC942}") = "sha224", "demos\crypto\high_level\digests\sha224\sha224.vcxproj", "{F0A6503B-71AD-43B6-831D-F39E2E532526}"
EndProject
Project("{8BC9CEB8-8B4A-11D0-8D11-00A0C91BC942}") = "sha256", "demos\crypto\high_level\digests\sha256\sha256.vcxproj", "{74E00E04-6372-4E89-897F-0C8AAAC4DDB8}"
EndProject
Project("{8BC9CEB8-8B4A-11D0-8D11-00A0C91BC942}") = "sha384", "demos\crypto\high_level\digests\sha384\sha384.vcxproj", "{1F8596C7-2E31-4AAC-A105-F427F5E5595D}"
EndProject
Project("{8BC9CEB8-8B4A-11D0-8D11-00A0C91BC942}") = "sha512", "demos\crypto\high_level\digests\sha512\sha512.vcxproj", "{E77983BB-B4FF-48A7-A3BF-1592138DBF1A}"
EndProject
Project("{8BC9CEB8-8B4A-11D0-8D11-00A0C91BC942}") = "rsa_keygen", "demos\crypto\high_level\ciphers\asymmetric\rsa\rsa_keygen\rsa_keygen.vcxproj", "{7B10C14C-D7D4-48AF-9C34-CB9842C06CB1}"
EndProject
Project("{8BC9CEB8-8B4A-11D0-8D11-00A0C91BC942}") = "rsa_keygen_callback", "demos\crypto\high_level\ciphers\asymmetric\rsa\rsa_keygen_callback\rsa_keygen_callback.vcxproj", "{32508103-17DD-472E-AA80-493B265367F8}"
EndProject
Project("{8BC9CEB8-8B4A-11D0-8D11-00A0C91BC942}") = "rsa_pkcs1", "demos\crypto\high_level\ciphers\asymmetric\rsa\rsa_pkcs1\rsa_pkcs1.vcxproj", "{68B77E00-E7F4-4FA6-9B45-02B1891F33E0}"
EndProject
Global
	GlobalSection(SolutionConfigurationPlatforms) = preSolution
		Debug|Win32 = Debug|Win32
		Release|Win32 = Release|Win32
	EndGlobalSection
	GlobalSection(ProjectConfigurationPlatforms) = postSolution
		{F0A88565-5183-4B36-84CC-B9D14EC86147}.Debug|Win32.ActiveCfg = Debug|Win32
		{F0A88565-5183-4B36-84CC-B9D14EC86147}.Debug|Win32.Build.0 = Debug|Win32
		{F0A88565-5183-4B36-84CC-B9D14EC86147}.Release|Win32.ActiveCfg = Release|Win32
		{F0A88565-5183-4B36-84CC-B9D14EC86147}.Release|Win32.Build.0 = Release|Win32
		{BB1839FE-C062-4656-974B-E80E963C072B}.Debug|Win32.ActiveCfg = Debug|Win32
		{BB1839FE-C062-4656-974B-E80E963C072B}.Debug|Win32.Build.0 = Debug|Win32
		{BB1839FE-C062-4656-974B-E80E963C072B}.Release|Win32.ActiveCfg = Release|Win32
		{BB1839FE-C062-4656-974B-E80E963C072B}.Release|Win32.Build.0 = Release|Win32
		{3095E073-EDFC-4177-8209-F41EA0051B22}.Debug|Win32.ActiveCfg = Debug|Win32
		{3095E073-EDFC-4177-8209-F41EA0051B22}.Debug|Win32.Build.0 = Debug|Win32
		{3095E073-EDFC-4177-8209-F41EA0051B22}.Release|Win32.ActiveCfg = Release|Win32
		{3095E073-EDFC-4177-8209-F41EA0051B22}.Release|Win32.Build.0 = Release|Win32
		{EC782767-AF90-440F-9F2D-EA20EBA0EEC5}.Debug|Win32.ActiveCfg = Debug|Win32
		{EC782767-AF90-440F-9F2D-EA20EBA0EEC5}.Debug|Win32.Build.0 = Debug|Win32
		{EC782767-AF90-440F-9F2D-EA20EBA0EEC5}.Release|Win32.ActiveCfg = Release|Win32
		{EC782767-AF90-440F-9F2D-EA20EBA0EEC5}.Release|Win32.Build.0 = Release|Win32
		{CC95DEAC-B0F9-432E-9EDB-6EF72D272EE3}.Debug|Win32.ActiveCfg = Debug|Win32
		{CC95DEAC-B0F9-432E-9EDB-6EF72D272EE3}.Debug|Win32.Build.0 = Debug|Win32
		{CC95DEAC-B0F9-432E-9EDB-6EF72D272EE3}.Release|Win32.ActiveCfg = Release|Win32
		{CC95DEAC-B0F9-432E-9EDB-6EF72D272EE3}.Release|Win32.Build.0 = Release|Win32
		{F0A6503B-71AD-43B6-831D-F39E2E532526}.Debug|Win32.ActiveCfg = Debug|Win32
		{F0A6503B-71AD-43B6-831D-F39E2E532526}.Debug|Win32.Build.0 = Debug|Win32
		{F0A6503B-71AD-43B6-831D-F39E2E532526}.Release|Win32.ActiveCfg = Release|Win32
		{F0A6503B-71AD-43B6-831D-F39E2E532526}.Release|Win32.Build.0 = Release|Win32
		{74E00E04-6372-4E89-897F-0C8AAAC4DDB8}.Debug|Win32.ActiveCfg = Debug|Win32
		{74E00E04-6372-4E89-897F-0C8AAAC4DDB8}.Debug|Win32.Build.0 = Debug|Win32
		{74E00E04-6372-4E89-897F-0C8AAAC4DDB8}.Release|Win32.ActiveCfg = Release|Win32
		{74E00E04-6372-4E89-897F-0C8AAAC4DDB8}.Release|Win32.Build.0 = Release|Win32
		{1F8596C7-2E31-4AAC-A105-F427F5E5595D}.Debug|Win32.ActiveCfg = Debug|Win32
		{1F8596C7-2E31-4AAC-A105-F427F5E5595D}.Debug|Win32.Build.0 = Debug|Win32
		{1F8596C7-2E31-4AAC-A105-F427F5E5595D}.Release|Win32.ActiveCfg = Release|Win32
		{1F8596C7-2E31-4AAC-A105-F427F5E5595D}.Release|Win32.Build.0 = Release|Win32
		{E77983BB-B4FF-48A7-A3BF-1592138DBF1A}.Debug|Win32.ActiveCfg = Debug|Win32
		{E77983BB-B4FF-48A7-A3BF-1592138DBF1A}.Debug|Win32.Build.0 = Debug|Win32
		{E77983BB-B4FF-48A7-A3BF-1592138DBF1A}.Release|Win32.ActiveCfg = Release|Win32
		{E77983BB-B4FF-48A7-A3BF-1592138DBF1A}.Release|Win32.Build.0 = Release|Win32
		{7B10C14C-D7D4-48AF-9C34-CB9842C06CB1}.Debug|Win32.ActiveCfg = Debug|Win32
		{7B10C14C-D7D4-48AF-9C34-CB9842C06CB1}.Debug|Win32.Build.0 = Debug|Win32
		{7B10C14C-D7D4-48AF-9C34-CB9842C06CB1}.Release|Win32.ActiveCfg = Release|Win32
		{7B10C14C-D7D4-48AF-9C34-CB9842C06CB1}.Release|Win32.Build.0 = Release|Win32
		{32508103-17DD-472E-AA80-493B265367F8}.Debug|Win32.ActiveCfg = Debug|Win32
		{32508103-17DD-472E-AA80-493B265367F8}.Debug|Win32.Build.0 = Debug|Win32
		{32508103-17DD-472E-AA80-493B265367F8}.Release|Win32.ActiveCfg = Release|Win32
		{32508103-17DD-472E-AA80-493B265367F8}.Release|Win32.Build.0 = Release|Win32
		{68B77E00-E7F4-4FA6-9B45-02B1891F33E0}.Debug|Win32.ActiveCfg = Debug|Win32
		{68B77E00-E7F4-4FA6-9B45-02B1891F33E0}.Debug|Win32.Build.0 = Debug|Win32
		{68B77E00-E7F4-4FA6-9B45-02B1891F33E0}.Release|Win32.ActiveCfg = Release|Win32
		{68B77E00-E7F4-4FA6-9B45-02B1891F33E0}.Release|Win32.Build.0 = Release|Win32
	EndGlobalSection
	GlobalSection(SolutionProperties) = preSolution
		HideSolutionNode = FALSE
	EndGlobalSection
	GlobalSection(NestedProjects) = preSolution
		{F17A50FD-55FB-4BA6-82C6-028F40CE1751} = {C6F6585C-3A32-4423-9A89-6DB1C65A76DC}
		{EDBE9BD4-3DF8-405D-ABAD-B66264484B86} = {F17A50FD-55FB-4BA6-82C6-028F40CE1751}
		{9FE94FED-E80E-4A46-8036-A1454CCB35B9} = {EDBE9BD4-3DF8-405D-ABAD-B66264484B86}
		{25D54F76-888A-4B4E-BA05-056252E85EE5} = {F17A50FD-55FB-4BA6-82C6-028F40CE1751}
		{4E0B57AB-1A3D-4429-8916-5D62B6512110} = {C6F6585C-3A32-4423-9A89-6DB1C65A76DC}
		{F0A88565-5183-4B36-84CC-B9D14EC86147} = {4E0B57AB-1A3D-4429-8916-5D62B6512110}
		{BB1839FE-C062-4656-974B-E80E963C072B} = {4E0B57AB-1A3D-4429-8916-5D62B6512110}
		{3095E073-EDFC-4177-8209-F41EA0051B22} = {4E0B57AB-1A3D-4429-8916-5D62B6512110}
		{EC782767-AF90-440F-9F2D-EA20EBA0EEC5} = {4E0B57AB-1A3D-4429-8916-5D62B6512110}
		{CC95DEAC-B0F9-432E-9EDB-6EF72D272EE3} = {4E0B57AB-1A3D-4429-8916-5D62B6512110}
		{F0A6503B-71AD-43B6-831D-F39E2E532526} = {4E0B57AB-1A3D-4429-8916-5D62B6512110}
		{74E00E04-6372-4E89-897F-0C8AAAC4DDB8} = {4E0B57AB-1A3D-4429-8916-5D62B6512110}
		{1F8596C7-2E31-4AAC-A105-F427F5E5595D} = {4E0B57AB-1A3D-4429-8916-5D62B6512110}
		{E77983BB-B4FF-48A7-A3BF-1592138DBF1A} = {4E0B57AB-1A3D-4429-8916-5D62B6512110}
		{7B10C14C-D7D4-48AF-9C34-CB9842C06CB1} = {9FE94FED-E80E-4A46-8036-A1454CCB35B9}
		{32508103-17DD-472E-AA80-493B265367F8} = {9FE94FED-E80E-4A46-8036-A1454CCB35B9}
		{68B77E00-E7F4-4FA6-9B45-02B1891F33E0} = {9FE94FED-E80E-4A46-8036-A1454CCB35B9}
	EndGlobalSection
EndGlobal
