Microsoft Visual Studio Solution File, Format Version 12.00
# Visual Studio 2013
VisualStudioVersion = 12.0.31101.0
MinimumVisualStudioVersion = 10.0.40219.1
Project("{2150E333-8FDC-42A3-9474-1A3956D46DE8}") = "crypto", "crypto", "{45D17D7C-DC33-4C64-B6AA-50CC177FF6A1}"
EndProject
Project("{2150E333-8FDC-42A3-9474-1A3956D46DE8}") = "ciphers", "ciphers", "{AE19BC3D-37E5-4761-BCF1-F5332F20CE95}"
EndProject
Project("{2150E333-8FDC-42A3-9474-1A3956D46DE8}") = "symmetric", "symmetric", "{D38E1BBA-9261-40AE-80C7-1AAB3BCCD193}"
EndProject
Project("{2150E333-8FDC-42A3-9474-1A3956D46DE8}") = "des", "des", "{FD8D1ECC-FB89-4F40-9C5C-1613F45F574C}"
EndProject
Project("{2150E333-8FDC-42A3-9474-1A3956D46DE8}") = "idea", "idea", "{14A86699-52B7-4996-96C0-9C9F2A73DA59}"
EndProject
Project("{2150E333-8FDC-42A3-9474-1A3956D46DE8}") = "aes", "aes", "{7DBC0FD1-C5E4-46A3-8C8C-8D9A74B9D0BC}"
EndProject
Project("{2150E333-8FDC-42A3-9474-1A3956D46DE8}") = "digests", "digests", "{8B50DD55-F9DC-48FA-80C8-032F391A51E1}"
EndProject
Project("{2150E333-8FDC-42A3-9474-1A3956D46DE8}") = "Solution Items", "Solution Items", "{15F8B803-92FB-457D-84B6-4632F3A6931B}"
	ProjectSection(SolutionItems) = preProject
		demos_low.txt = demos_low.txt
	EndProjectSection
EndProject
Project("{2150E333-8FDC-42A3-9474-1A3956D46DE8}") = "blowfish", "blowfish", "{16AF18B3-594E-473E-A8EE-F39D4363982E}"
EndProject
Project("{2150E333-8FDC-42A3-9474-1A3956D46DE8}") = "rc2", "rc2", "{9E191D99-7AC2-4A07-B727-FDE322486207}"
EndProject
Project("{2150E333-8FDC-42A3-9474-1A3956D46DE8}") = "rc4", "rc4", "{64C36B9D-9C38-4D0A-9540-2247CFC74F05}"
EndProject
Project("{2150E333-8FDC-42A3-9474-1A3956D46DE8}") = "rc5", "rc5", "{863F93BE-F793-4E86-B14C-00CD1715D8FD}"
EndProject
Project("{2150E333-8FDC-42A3-9474-1A3956D46DE8}") = "cast", "cast", "{3E008CBE-3BB3-4831-9E0E-77E4E9E86E8A}"
EndProject
Project("{2150E333-8FDC-42A3-9474-1A3956D46DE8}") = "camelia", "camelia", "{C015AEE1-601F-4882-86BC-2BCC3002BA5E}"
EndProject
Project("{2150E333-8FDC-42A3-9474-1A3956D46DE8}") = "asymmetric", "asymmetric", "{50EA8879-5CE1-4446-8193-950242B7E5C7}"
EndProject
Project("{2150E333-8FDC-42A3-9474-1A3956D46DE8}") = "rsa", "rsa", "{5718B3BF-DC5A-4656-A009-DC33C3D1E61F}"
EndProject
Project("{2150E333-8FDC-42A3-9474-1A3956D46DE8}") = "key_agree", "key_agree", "{0BB17E1B-5B1C-495F-A883-63601695EA40}"
EndProject
Project("{8BC9CEB8-8B4A-11D0-8D11-00A0C91BC942}") = "des_cbc", "demos\crypto\low_level\ciphers\symmetric\des\des_cbc\des_cbc.vcxproj", "{E36DFBAE-DE77-4E03-8685-DE9AAE6380BB}"
EndProject
Project("{8BC9CEB8-8B4A-11D0-8D11-00A0C91BC942}") = "des_cfb", "demos\crypto\low_level\ciphers\symmetric\des\des_cfb\des_cfb.vcxproj", "{F43E3B0B-3862-4E45-A6FD-25F83E0150E1}"
EndProject
Project("{8BC9CEB8-8B4A-11D0-8D11-00A0C91BC942}") = "des_cfb64", "demos\crypto\low_level\ciphers\symmetric\des\des_cfb64\des_cfb64.vcxproj", "{AE0C708D-78EC-4F77-B2FD-2D8F7FF7FF8E}"
EndProject
Project("{8BC9CEB8-8B4A-11D0-8D11-00A0C91BC942}") = "des_ecb", "demos\crypto\low_level\ciphers\symmetric\des\des_ecb\des_ecb.vcxproj", "{E08C4F50-E6AC-11E0-8E29-002618861ED1}"
EndProject
Project("{8BC9CEB8-8B4A-11D0-8D11-00A0C91BC942}") = "des_ecb2", "demos\crypto\low_level\ciphers\symmetric\des\des_ecb2\des_ecb2.vcxproj", "{668DEFA2-E6B2-11E0-9F4E-002618861ED1}"
EndProject
Project("{8BC9CEB8-8B4A-11D0-8D11-00A0C91BC942}") = "des_ecb3", "demos\crypto\low_level\ciphers\symmetric\des\des_ecb3\des_ecb3.vcxproj", "{07363652-E6B4-11E0-B3DA-002618861ED1}"
EndProject
Project("{8BC9CEB8-8B4A-11D0-8D11-00A0C91BC942}") = "des_ede2_cbc", "demos\crypto\low_level\ciphers\symmetric\des\des_ede2_cbc\des_ede2_cbc.vcxproj", "{C8C47B1E-E74E-11E0-8520-002618861ED1}"
EndProject
Project("{8BC9CEB8-8B4A-11D0-8D11-00A0C91BC942}") = "des_ede2_cfb64", "demos\crypto\low_level\ciphers\symmetric\des\des_ede2_cfb64\des_ede2_cfb64.vcxproj", "{13427530-E74F-11E0-BB19-002618861ED1}"
EndProject
Project("{8BC9CEB8-8B4A-11D0-8D11-00A0C91BC942}") = "des_ede2_ofb64", "demos\crypto\low_level\ciphers\symmetric\des\des_ede2_ofb64\des_ede2_ofb64.vcxproj", "{7E3EC370-E74F-11E0-B0A9-002618861ED1}"
EndProject
Project("{8BC9CEB8-8B4A-11D0-8D11-00A0C91BC942}") = "des_ede3_cbc", "demos\crypto\low_level\ciphers\symmetric\des\des_ede3_cbc\des_ede3_cbc.vcxproj", "{CCDA5C10-E74F-11E0-99C0-002618861ED1}"
EndProject
Project("{8BC9CEB8-8B4A-11D0-8D11-00A0C91BC942}") = "des_ede3_cbcm", "demos\crypto\low_level\ciphers\symmetric\des\des_ede3_cbcm\des_ede3_cbcm.vcxproj", "{174172C0-E750-11E0-A476-002618861ED1}"
EndProject
Project("{8BC9CEB8-8B4A-11D0-8D11-00A0C91BC942}") = "des_ede3_cfb64", "demos\crypto\low_level\ciphers\symmetric\des\des_ede3_cfb64\des_ede3_cfb64.vcxproj", "{71C76DD2-E750-11E0-9F61-002618861ED1}"
EndProject
Project("{8BC9CEB8-8B4A-11D0-8D11-00A0C91BC942}") = "des_ede3_ofb64", "demos\crypto\low_level\ciphers\symmetric\des\des_ede3_ofb64\des_ede3_ofb64.vcxproj", "{AF09A640-E750-11E0-B125-002618861ED1}"
EndProject
Project("{8BC9CEB8-8B4A-11D0-8D11-00A0C91BC942}") = "des_ofb", "demos\crypto\low_level\ciphers\symmetric\des\des_ofb\des_ofb.vcxproj", "{F1313A10-E750-11E0-95C2-002618861ED1}"
EndProject
Project("{8BC9CEB8-8B4A-11D0-8D11-00A0C91BC942}") = "des_ofb64", "demos\crypto\low_level\ciphers\symmetric\des\des_ofb64\des_ofb64.vcxproj", "{16A600A2-E751-11E0-8050-002618861ED1}"
EndProject
Project("{8BC9CEB8-8B4A-11D0-8D11-00A0C91BC942}") = "des_pcbc", "demos\crypto\low_level\ciphers\symmetric\des\des_pcbc\des_pcbc.vcxproj", "{4F179E2E-E751-11E0-A156-002618861ED1}"
EndProject
Project("{8BC9CEB8-8B4A-11D0-8D11-00A0C91BC942}") = "des_xcbc", "demos\crypto\low_level\ciphers\symmetric\des\des_xcbc\des_xcbc.vcxproj", "{7101B762-E751-11E0-8B5E-002618861ED1}"
EndProject
Project("{8BC9CEB8-8B4A-11D0-8D11-00A0C91BC942}") = "idea_cbc_128", "demos\crypto\low_level\ciphers\symmetric\idea\idea_cbc_128\idea_cbc_128.vcxproj", "{017B5CF0-EB5E-11E0-9A81-002618861ED1}"
EndProject
Project("{8BC9CEB8-8B4A-11D0-8D11-00A0C91BC942}") = "idea_cfb64_128", "demos\crypto\low_level\ciphers\symmetric\idea\idea_cfb64_128\idea_cfb64_128.vcxproj", "{DF336C50-EB5D-11E0-BECC-002618861ED1}"
EndProject
Project("{8BC9CEB8-8B4A-11D0-8D11-00A0C91BC942}") = "idea_ecb_128", "demos\crypto\low_level\ciphers\symmetric\idea\idea_ecb_128\idea_ecb_128.vcxproj", "{B1FC9040-EB5D-11E0-91FD-002618861ED1}"
EndProject
Project("{8BC9CEB8-8B4A-11D0-8D11-00A0C91BC942}") = "idea_ofb64_128", "demos\crypto\low_level\ciphers\symmetric\idea\idea_ofb64_128\idea_ofb64_128.vcxproj", "{92C031F0-EB5D-11E0-9E66-002618861ED1}"
EndProject
Project("{8BC9CEB8-8B4A-11D0-8D11-00A0C91BC942}") = "rc2_cbc", "demos\crypto\low_level\ciphers\symmetric\rc2\rc2_cbc\rc2_cbc.vcxproj", "{326B6C40-EB65-11E0-8F10-002618861ED1}"
EndProject
Project("{8BC9CEB8-8B4A-11D0-8D11-00A0C91BC942}") = "rc2_cfb", "demos\crypto\low_level\ciphers\symmetric\rc2\rc2_cfb\rc2_cfb.vcxproj", "{251FA510-EB65-11E0-A147-002618861ED1}"
EndProject
Project("{8BC9CEB8-8B4A-11D0-8D11-00A0C91BC942}") = "rc2_ecb", "demos\crypto\low_level\ciphers\symmetric\rc2\rc2_ecb\rc2_ecb.vcxproj", "{100C9840-EB65-11E0-8C5B-002618861ED1}"
EndProject
Project("{8BC9CEB8-8B4A-11D0-8D11-00A0C91BC942}") = "rc2_ofb64", "demos\crypto\low_level\ciphers\symmetric\rc2\rc2_ofb64\rc2_ofb64.vcxproj", "{D0FF0090-EB62-11E0-9149-002618861ED1}"
EndProject
Project("{8BC9CEB8-8B4A-11D0-8D11-00A0C91BC942}") = "rc4", "demos\crypto\low_level\ciphers\symmetric\rc4\rc4\rc4.vcxproj", "{89457180-EBC1-11E0-BFCC-002618861ED1}"
EndProject
Project("{8BC9CEB8-8B4A-11D0-8D11-00A0C91BC942}") = "rc5_cbc_128", "demos\crypto\low_level\ciphers\symmetric\rc5\rc5_cbc_128\rc5_cbc_128.vcxproj", "{355A7012-EBCC-11E0-9A41-002618861ED1}"
EndProject
Project("{8BC9CEB8-8B4A-11D0-8D11-00A0C91BC942}") = "rc5_cfb64_128", "demos\crypto\low_level\ciphers\symmetric\rc5\rc5_cfb64_128\rc5_cfb64_128.vcxproj", "{28339600-EBCC-11E0-AB0A-002618861ED1}"
EndProject
Project("{8BC9CEB8-8B4A-11D0-8D11-00A0C91BC942}") = "rc5_ecb_128", "demos\crypto\low_level\ciphers\symmetric\rc5\rc5_ecb_128\rc5_ecb_128.vcxproj", "{0B3D571E-EBCC-11E0-888A-002618861ED1}"
EndProject
Project("{8BC9CEB8-8B4A-11D0-8D11-00A0C91BC942}") = "rc5_ofb64_128", "demos\crypto\low_level\ciphers\symmetric\rc5\rc5_ofb64_128\rc5_ofb64_128.vcxproj", "{9DFBFADE-EBCB-11E0-86FF-002618861ED1}"
EndProject
Project("{8BC9CEB8-8B4A-11D0-8D11-00A0C91BC942}") = "md4", "demos\crypto\low_level\digests\md4\md4.vcxproj", "{F27E73D2-EBE0-11E0-9143-002618861ED1}"
EndProject
Project("{8BC9CEB8-8B4A-11D0-8D11-00A0C91BC942}") = "md5", "demos\crypto\low_level\digests\md5\md5.vcxproj", "{EBBC9040-EBE0-11E0-B1B8-002618861ED1}"
EndProject
Project("{8BC9CEB8-8B4A-11D0-8D11-00A0C91BC942}") = "ripemd", "demos\crypto\low_level\digests\ripemd\ripemd.vcxproj", "{DF060430-EBE0-11E0-9FF1-002618861ED1}"
EndProject
Project("{8BC9CEB8-8B4A-11D0-8D11-00A0C91BC942}") = "sha", "demos\crypto\low_level\digests\sha\sha.vcxproj", "{C73054F0-EBE0-11E0-BB25-002618861ED1}"
EndProject
Project("{8BC9CEB8-8B4A-11D0-8D11-00A0C91BC942}") = "sha1", "demos\crypto\low_level\digests\sha1\sha1.vcxproj", "{BF279980-EBE0-11E0-93DD-002618861ED1}"
EndProject
Project("{8BC9CEB8-8B4A-11D0-8D11-00A0C91BC942}") = "sha224", "demos\crypto\low_level\digests\sha224\sha224.vcxproj", "{B0B41B30-EBE0-11E0-A7B5-002618861ED1}"
EndProject
Project("{8BC9CEB8-8B4A-11D0-8D11-00A0C91BC942}") = "sha256", "demos\crypto\low_level\digests\sha256\sha256.vcxproj", "{A03F2790-EBE0-11E0-8DB9-002618861ED1}"
EndProject
Project("{8BC9CEB8-8B4A-11D0-8D11-00A0C91BC942}") = "sha384", "demos\crypto\low_level\digests\sha384\sha384.vcxproj", "{94C6C0D0-EBE0-11E0-BD7F-002618861ED1}"
EndProject
Project("{8BC9CEB8-8B4A-11D0-8D11-00A0C91BC942}") = "sha512", "demos\crypto\low_level\digests\sha512\sha512.vcxproj", "{832FE270-EBE0-11E0-82F9-002618861ED1}"
EndProject
Project("{8BC9CEB8-8B4A-11D0-8D11-00A0C91BC942}") = "bf_ecb_128", "demos\crypto\low_level\ciphers\symmetric\blowfish\bf_ecb_128\bf_ecb_128.vcxproj", "{D55D93C0-EBE6-11E0-935C-002618861ED1}"
EndProject
Project("{8BC9CEB8-8B4A-11D0-8D11-00A0C91BC942}") = "bf_cbc_128", "demos\crypto\low_level\ciphers\symmetric\blowfish\bf_cbc_128\bf_cbc_128.vcxproj", "{EDC34E00-EBE6-11E0-84E7-002618861ED1}"
EndProject
Project("{8BC9CEB8-8B4A-11D0-8D11-00A0C91BC942}") = "bf_cfb64_128", "demos\crypto\low_level\ciphers\symmetric\blowfish\bf_cfb64_128\bf_cfb64_128.vcxproj", "{0ED45D92-EBED-11E0-940D-002618861ED1}"
EndProject
Project("{8BC9CEB8-8B4A-11D0-8D11-00A0C91BC942}") = "bf_ofb64_128", "demos\crypto\low_level\ciphers\symmetric\blowfish\bf_ofb64_128\bf_ofb64_128.vcxproj", "{F59DE4D0-EBF7-11E0-BEDF-002618861ED1}"
EndProject
Project("{8BC9CEB8-8B4A-11D0-8D11-00A0C91BC942}") = "aes_ecb_128", "demos\crypto\low_level\ciphers\symmetric\aes\aes_ecb_128\aes_ecb_128.vcxproj", "{5614B1A2-EC15-11E0-8B91-002618861ED1}"
EndProject
Project("{8BC9CEB8-8B4A-11D0-8D11-00A0C91BC942}") = "aes_cbc_128", "demos\crypto\low_level\ciphers\symmetric\aes\aes_cbc_128\aes_cbc_128.vcxproj", "{6BF2E122-EF4B-11E0-9594-002618861ED1}"
EndProject
Project("{8BC9CEB8-8B4A-11D0-8D11-00A0C91BC942}") = "aes_cbc_256", "demos\crypto\low_level\ciphers\symmetric\aes\aes_cbc_256\aes_cbc_256.vcxproj", "{49BA32AE-FC44-11E0-BDB9-002618861ED1}"
EndProject
Project("{8BC9CEB8-8B4A-11D0-8D11-00A0C91BC942}") = "aes_cfb128_128", "demos\crypto\low_level\ciphers\symmetric\aes\aes_cfb128_128\aes_cfb128_128.vcxproj", "{045195F0-FC4A-11E0-BFF4-002618861ED1}"
EndProject
Project("{8BC9CEB8-8B4A-11D0-8D11-00A0C91BC942}") = "aes_cfb1_128", "demos\crypto\low_level\ciphers\symmetric\aes\aes_cfb1_128\aes_cfb1_128.vcxproj", "{39DE2FA2-FC84-11E0-A9A9-002618861ED1}"
EndProject
Project("{8BC9CEB8-8B4A-11D0-8D11-00A0C91BC942}") = "aes_cfb8_128", "demos\crypto\low_level\ciphers\symmetric\aes\aes_cfb8_128\aes_cfb8_128.vcxproj", "{DDB8FB1E-FC91-11E0-8F8D-002618861ED1}"
EndProject
Project("{8BC9CEB8-8B4A-11D0-8D11-00A0C91BC942}") = "aes_ofb128_256", "demos\crypto\low_level\ciphers\symmetric\aes\aes_ofb128_256\aes_ofb128_256.vcxproj", "{479F0F80-0155-11E1-8D3F-002618861ED1}"
EndProject
Project("{8BC9CEB8-8B4A-11D0-8D11-00A0C91BC942}") = "aes_ctr128_256", "demos\crypto\low_level\ciphers\symmetric\aes\aes_ctr128_256\aes_ctr128_256.vcxproj", "{A39142C0-016B-11E1-B6B5-002618861ED1}"
EndProject
Project("{8BC9CEB8-8B4A-11D0-8D11-00A0C91BC942}") = "cast_cbc_128", "demos\crypto\low_level\ciphers\symmetric\cast\cast_cbc_128\cast_cbc_128.vcxproj", "{95DF9A62-126D-11E1-BD94-002618861ED1}"
EndProject
Project("{8BC9CEB8-8B4A-11D0-8D11-00A0C91BC942}") = "cast_ecb_128", "demos\crypto\low_level\ciphers\symmetric\cast\cast_ecb_128\cast_ecb_128.vcxproj", "{7D7C511E-126D-11E1-A82E-002618861ED1}"
EndProject
Project("{8BC9CEB8-8B4A-11D0-8D11-00A0C91BC942}") = "cast_cfb64_128", "demos\crypto\low_level\ciphers\symmetric\cast\cast_cfb64_128\cast_cfb64_128.vcxproj", "{4B61AAE2-126E-11E1-A509-002618861ED1}"
EndProject
Project("{8BC9CEB8-8B4A-11D0-8D11-00A0C91BC942}") = "cast_ofb64_128", "demos\crypto\low_level\ciphers\symmetric\cast\cast_ofb64_128\cast_ofb64_128.vcxproj", "{5C8F1910-126E-11E1-A3C2-002618861ED1}"
EndProject
Project("{8BC9CEB8-8B4A-11D0-8D11-00A0C91BC942}") = "camelia_cbc_128", "demos\crypto\low_level\ciphers\symmetric\camelia\camelia_cbc_128\camelia_cbc_128.vcxproj", "{E39E7780-1281-11E1-9E30-002618861ED1}"
EndProject
Project("{8BC9CEB8-8B4A-11D0-8D11-00A0C91BC942}") = "camelia_cfb1_128", "demos\crypto\low_level\ciphers\symmetric\camelia\camelia_cfb1_128\camelia_cfb1_128.vcxproj", "{36D8C592-1282-11E1-9073-002618861ED1}"
EndProject
Project("{8BC9CEB8-8B4A-11D0-8D11-00A0C91BC942}") = "camelia_cfb8_128", "demos\crypto\low_level\ciphers\symmetric\camelia\camelia_cfb8_128\camelia_cfb8_128.vcxproj", "{42DAA7A2-1282-11E1-ADD9-002618861ED1}"
EndProject
Project("{8BC9CEB8-8B4A-11D0-8D11-00A0C91BC942}") = "camelia_cfb128_128", "demos\crypto\low_level\ciphers\symmetric\camelia\camelia_cfb128_128\camelia_cfb128_128.vcxproj", "{0DAE22F0-1282-11E1-9026-002618861ED1}"
EndProject
Project("{8BC9CEB8-8B4A-11D0-8D11-00A0C91BC942}") = "camelia_ctr128_128", "demos\crypto\low_level\ciphers\symmetric\camelia\camelia_ctr128_128\camelia_ctr128_128.vcxproj", "{9ED88030-1283-11E1-A6C0-002618861ED1}"
EndProject
Project("{8BC9CEB8-8B4A-11D0-8D11-00A0C91BC942}") = "camelia_ecb_128", "demos\crypto\low_level\ciphers\symmetric\camelia\camelia_ecb_128\camelia_ecb_128.vcxproj", "{332BDF9E-1281-11E1-A6A3-002618861ED1}"
EndProject
Project("{8BC9CEB8-8B4A-11D0-8D11-00A0C91BC942}") = "camelia_ofb128_128", "demos\crypto\low_level\ciphers\symmetric\camelia\camelia_ofb128_128\camelia_ofb128_128.vcxproj", "{8A08E500-1283-11E1-AED1-002618861ED1}"
EndProject
Project("{8BC9CEB8-8B4A-11D0-8D11-00A0C91BC942}") = "aes_ige_128", "demos\crypto\low_level\ciphers\symmetric\aes\aes_ige_128\aes_ige_128.vcxproj", "{A90C511E-2E9F-11E1-850A-002618861ED1}"
EndProject
Project("{8BC9CEB8-8B4A-11D0-8D11-00A0C91BC942}") = "aes_bi_ige_128", "demos\crypto\low_level\ciphers\symmetric\aes\aes_bi_ige_128\aes_bi_ige_128.vcxproj", "{E888C222-2E9F-11E1-A329-002618861ED1}"
EndProject
Project("{8BC9CEB8-8B4A-11D0-8D11-00A0C91BC942}") = "rsa_keygen", "demos\crypto\low_level\ciphers\asymmetric\rsa\rsa_keygen\rsa_keygen.vcxproj", "{4146DCE2-326E-11E1-98DF-002618861ED1}"
EndProject
Project("{8BC9CEB8-8B4A-11D0-8D11-00A0C91BC942}") = "rsa_keygen_callback", "demos\crypto\low_level\ciphers\asymmetric\rsa\rsa_keygen_callback\rsa_keygen_callback.vcxproj", "{5DE3B7DE-32C0-11E1-846E-002618861ED1}"
EndProject
Project("{8BC9CEB8-8B4A-11D0-8D11-00A0C91BC942}") = "rsa_pkcs1", "demos\crypto\low_level\ciphers\asymmetric\rsa\rsa_pkcs1\rsa_pkcs1.vcxproj", "{2B19CF6E-31BC-11E1-AAE3-002618861ED1}"
EndProject
Project("{8BC9CEB8-8B4A-11D0-8D11-00A0C91BC942}") = "rsa_oaep", "demos\crypto\low_level\ciphers\asymmetric\rsa\rsa_oaep\rsa_oaep.vcxproj", "{C24385C0-391F-11E1-9D51-C66CAB017A67}"
EndProject
Project("{8BC9CEB8-8B4A-11D0-8D11-00A0C91BC942}") = "dh", "demos\crypto\low_level\key_agree\dh\dh.vcxproj", "{B1AD40F0-4F38-11E1-9313-002618861ED1}"
EndProject
Global
	GlobalSection(SolutionConfigurationPlatforms) = preSolution
		Debug|Mixed Platforms = Debug|Mixed Platforms
		Debug|Win32 = Debug|Win32
		Debug|x64 = Debug|x64
		Release|Mixed Platforms = Release|Mixed Platforms
		Release|Win32 = Release|Win32
		Release|x64 = Release|x64
	EndGlobalSection
	GlobalSection(ProjectConfigurationPlatforms) = postSolution
		{E36DFBAE-DE77-4E03-8685-DE9AAE6380BB}.Debug|Mixed Platforms.ActiveCfg = Debug|Win32
		{E36DFBAE-DE77-4E03-8685-DE9AAE6380BB}.Debug|Mixed Platforms.Build.0 = Debug|Win32
		{E36DFBAE-DE77-4E03-8685-DE9AAE6380BB}.Debug|Win32.ActiveCfg = Debug|Win32
		{E36DFBAE-DE77-4E03-8685-DE9AAE6380BB}.Debug|Win32.Build.0 = Debug|Win32
		{E36DFBAE-DE77-4E03-8685-DE9AAE6380BB}.Debug|x64.ActiveCfg = Debug|x64
		{E36DFBAE-DE77-4E03-8685-DE9AAE6380BB}.Debug|x64.Build.0 = Debug|x64
		{E36DFBAE-DE77-4E03-8685-DE9AAE6380BB}.Release|Mixed Platforms.ActiveCfg = Release|Win32
		{E36DFBAE-DE77-4E03-8685-DE9AAE6380BB}.Release|Mixed Platforms.Build.0 = Release|Win32
		{E36DFBAE-DE77-4E03-8685-DE9AAE6380BB}.Release|Win32.ActiveCfg = Release|Win32
		{E36DFBAE-DE77-4E03-8685-DE9AAE6380BB}.Release|Win32.Build.0 = Release|Win32
		{E36DFBAE-DE77-4E03-8685-DE9AAE6380BB}.Release|x64.ActiveCfg = Release|x64
		{E36DFBAE-DE77-4E03-8685-DE9AAE6380BB}.Release|x64.Build.0 = Release|x64
		{F43E3B0B-3862-4E45-A6FD-25F83E0150E1}.Debug|Mixed Platforms.ActiveCfg = Debug|Win32
		{F43E3B0B-3862-4E45-A6FD-25F83E0150E1}.Debug|Mixed Platforms.Build.0 = Debug|Win32
		{F43E3B0B-3862-4E45-A6FD-25F83E0150E1}.Debug|Win32.ActiveCfg = Debug|Win32
		{F43E3B0B-3862-4E45-A6FD-25F83E0150E1}.Debug|Win32.Build.0 = Debug|Win32
		{F43E3B0B-3862-4E45-A6FD-25F83E0150E1}.Debug|x64.ActiveCfg = Debug|x64
		{F43E3B0B-3862-4E45-A6FD-25F83E0150E1}.Debug|x64.Build.0 = Debug|x64
		{F43E3B0B-3862-4E45-A6FD-25F83E0150E1}.Release|Mixed Platforms.ActiveCfg = Release|Win32
		{F43E3B0B-3862-4E45-A6FD-25F83E0150E1}.Release|Mixed Platforms.Build.0 = Release|Win32
		{F43E3B0B-3862-4E45-A6FD-25F83E0150E1}.Release|Win32.ActiveCfg = Release|Win32
		{F43E3B0B-3862-4E45-A6FD-25F83E0150E1}.Release|Win32.Build.0 = Release|Win32
		{F43E3B0B-3862-4E45-A6FD-25F83E0150E1}.Release|x64.ActiveCfg = Release|x64
		{F43E3B0B-3862-4E45-A6FD-25F83E0150E1}.Release|x64.Build.0 = Release|x64
		{AE0C708D-78EC-4F77-B2FD-2D8F7FF7FF8E}.Debug|Mixed Platforms.ActiveCfg = Debug|Win32
		{AE0C708D-78EC-4F77-B2FD-2D8F7FF7FF8E}.Debug|Mixed Platforms.Build.0 = Debug|Win32
		{AE0C708D-78EC-4F77-B2FD-2D8F7FF7FF8E}.Debug|Win32.ActiveCfg = Debug|Win32
		{AE0C708D-78EC-4F77-B2FD-2D8F7FF7FF8E}.Debug|Win32.Build.0 = Debug|Win32
		{AE0C708D-78EC-4F77-B2FD-2D8F7FF7FF8E}.Debug|x64.ActiveCfg = Debug|x64
		{AE0C708D-78EC-4F77-B2FD-2D8F7FF7FF8E}.Debug|x64.Build.0 = Debug|x64
		{AE0C708D-78EC-4F77-B2FD-2D8F7FF7FF8E}.Release|Mixed Platforms.ActiveCfg = Release|Win32
		{AE0C708D-78EC-4F77-B2FD-2D8F7FF7FF8E}.Release|Mixed Platforms.Build.0 = Release|Win32
		{AE0C708D-78EC-4F77-B2FD-2D8F7FF7FF8E}.Release|Win32.ActiveCfg = Release|Win32
		{AE0C708D-78EC-4F77-B2FD-2D8F7FF7FF8E}.Release|Win32.Build.0 = Release|Win32
		{AE0C708D-78EC-4F77-B2FD-2D8F7FF7FF8E}.Release|x64.ActiveCfg = Release|x64
		{AE0C708D-78EC-4F77-B2FD-2D8F7FF7FF8E}.Release|x64.Build.0 = Release|x64
		{E08C4F50-E6AC-11E0-8E29-002618861ED1}.Debug|Mixed Platforms.ActiveCfg = Debug|Win32
		{E08C4F50-E6AC-11E0-8E29-002618861ED1}.Debug|Mixed Platforms.Build.0 = Debug|Win32
		{E08C4F50-E6AC-11E0-8E29-002618861ED1}.Debug|Win32.ActiveCfg = Debug|Win32
		{E08C4F50-E6AC-11E0-8E29-002618861ED1}.Debug|Win32.Build.0 = Debug|Win32
		{E08C4F50-E6AC-11E0-8E29-002618861ED1}.Debug|x64.ActiveCfg = Debug|x64
		{E08C4F50-E6AC-11E0-8E29-002618861ED1}.Debug|x64.Build.0 = Debug|x64
		{E08C4F50-E6AC-11E0-8E29-002618861ED1}.Release|Mixed Platforms.ActiveCfg = Release|Win32
		{E08C4F50-E6AC-11E0-8E29-002618861ED1}.Release|Mixed Platforms.Build.0 = Release|Win32
		{E08C4F50-E6AC-11E0-8E29-002618861ED1}.Release|Win32.ActiveCfg = Release|Win32
		{E08C4F50-E6AC-11E0-8E29-002618861ED1}.Release|Win32.Build.0 = Release|Win32
		{E08C4F50-E6AC-11E0-8E29-002618861ED1}.Release|x64.ActiveCfg = Release|x64
		{E08C4F50-E6AC-11E0-8E29-002618861ED1}.Release|x64.Build.0 = Release|x64
		{668DEFA2-E6B2-11E0-9F4E-002618861ED1}.Debug|Mixed Platforms.ActiveCfg = Debug|Win32
		{668DEFA2-E6B2-11E0-9F4E-002618861ED1}.Debug|Mixed Platforms.Build.0 = Debug|Win32
		{668DEFA2-E6B2-11E0-9F4E-002618861ED1}.Debug|Win32.ActiveCfg = Debug|Win32
		{668DEFA2-E6B2-11E0-9F4E-002618861ED1}.Debug|Win32.Build.0 = Debug|Win32
		{668DEFA2-E6B2-11E0-9F4E-002618861ED1}.Debug|x64.ActiveCfg = Debug|x64
		{668DEFA2-E6B2-11E0-9F4E-002618861ED1}.Debug|x64.Build.0 = Debug|x64
		{668DEFA2-E6B2-11E0-9F4E-002618861ED1}.Release|Mixed Platforms.ActiveCfg = Release|Win32
		{668DEFA2-E6B2-11E0-9F4E-002618861ED1}.Release|Mixed Platforms.Build.0 = Release|Win32
		{668DEFA2-E6B2-11E0-9F4E-002618861ED1}.Release|Win32.ActiveCfg = Release|Win32
		{668DEFA2-E6B2-11E0-9F4E-002618861ED1}.Release|Win32.Build.0 = Release|Win32
		{668DEFA2-E6B2-11E0-9F4E-002618861ED1}.Release|x64.ActiveCfg = Release|x64
		{668DEFA2-E6B2-11E0-9F4E-002618861ED1}.Release|x64.Build.0 = Release|x64
		{07363652-E6B4-11E0-B3DA-002618861ED1}.Debug|Mixed Platforms.ActiveCfg = Debug|Win32
		{07363652-E6B4-11E0-B3DA-002618861ED1}.Debug|Mixed Platforms.Build.0 = Debug|Win32
		{07363652-E6B4-11E0-B3DA-002618861ED1}.Debug|Win32.ActiveCfg = Debug|Win32
		{07363652-E6B4-11E0-B3DA-002618861ED1}.Debug|Win32.Build.0 = Debug|Win32
		{07363652-E6B4-11E0-B3DA-002618861ED1}.Debug|x64.ActiveCfg = Debug|x64
		{07363652-E6B4-11E0-B3DA-002618861ED1}.Debug|x64.Build.0 = Debug|x64
		{07363652-E6B4-11E0-B3DA-002618861ED1}.Release|Mixed Platforms.ActiveCfg = Release|Win32
		{07363652-E6B4-11E0-B3DA-002618861ED1}.Release|Mixed Platforms.Build.0 = Release|Win32
		{07363652-E6B4-11E0-B3DA-002618861ED1}.Release|Win32.ActiveCfg = Release|Win32
		{07363652-E6B4-11E0-B3DA-002618861ED1}.Release|Win32.Build.0 = Release|Win32
		{07363652-E6B4-11E0-B3DA-002618861ED1}.Release|x64.ActiveCfg = Release|x64
		{07363652-E6B4-11E0-B3DA-002618861ED1}.Release|x64.Build.0 = Release|x64
		{C8C47B1E-E74E-11E0-8520-002618861ED1}.Debug|Mixed Platforms.ActiveCfg = Debug|Win32
		{C8C47B1E-E74E-11E0-8520-002618861ED1}.Debug|Mixed Platforms.Build.0 = Debug|Win32
		{C8C47B1E-E74E-11E0-8520-002618861ED1}.Debug|Win32.ActiveCfg = Debug|Win32
		{C8C47B1E-E74E-11E0-8520-002618861ED1}.Debug|Win32.Build.0 = Debug|Win32
		{C8C47B1E-E74E-11E0-8520-002618861ED1}.Debug|x64.ActiveCfg = Debug|x64
		{C8C47B1E-E74E-11E0-8520-002618861ED1}.Debug|x64.Build.0 = Debug|x64
		{C8C47B1E-E74E-11E0-8520-002618861ED1}.Release|Mixed Platforms.ActiveCfg = Release|Win32
		{C8C47B1E-E74E-11E0-8520-002618861ED1}.Release|Mixed Platforms.Build.0 = Release|Win32
		{C8C47B1E-E74E-11E0-8520-002618861ED1}.Release|Win32.ActiveCfg = Release|Win32
		{C8C47B1E-E74E-11E0-8520-002618861ED1}.Release|Win32.Build.0 = Release|Win32
		{C8C47B1E-E74E-11E0-8520-002618861ED1}.Release|x64.ActiveCfg = Release|x64
		{C8C47B1E-E74E-11E0-8520-002618861ED1}.Release|x64.Build.0 = Release|x64
		{13427530-E74F-11E0-BB19-002618861ED1}.Debug|Mixed Platforms.ActiveCfg = Debug|Win32
		{13427530-E74F-11E0-BB19-002618861ED1}.Debug|Mixed Platforms.Build.0 = Debug|Win32
		{13427530-E74F-11E0-BB19-002618861ED1}.Debug|Win32.ActiveCfg = Debug|Win32
		{13427530-E74F-11E0-BB19-002618861ED1}.Debug|Win32.Build.0 = Debug|Win32
		{13427530-E74F-11E0-BB19-002618861ED1}.Debug|x64.ActiveCfg = Debug|x64
		{13427530-E74F-11E0-BB19-002618861ED1}.Debug|x64.Build.0 = Debug|x64
		{13427530-E74F-11E0-BB19-002618861ED1}.Release|Mixed Platforms.ActiveCfg = Release|Win32
		{13427530-E74F-11E0-BB19-002618861ED1}.Release|Mixed Platforms.Build.0 = Release|Win32
		{13427530-E74F-11E0-BB19-002618861ED1}.Release|Win32.ActiveCfg = Release|Win32
		{13427530-E74F-11E0-BB19-002618861ED1}.Release|Win32.Build.0 = Release|Win32
		{13427530-E74F-11E0-BB19-002618861ED1}.Release|x64.ActiveCfg = Release|x64
		{13427530-E74F-11E0-BB19-002618861ED1}.Release|x64.Build.0 = Release|x64
		{7E3EC370-E74F-11E0-B0A9-002618861ED1}.Debug|Mixed Platforms.ActiveCfg = Debug|Win32
		{7E3EC370-E74F-11E0-B0A9-002618861ED1}.Debug|Mixed Platforms.Build.0 = Debug|Win32
		{7E3EC370-E74F-11E0-B0A9-002618861ED1}.Debug|Win32.ActiveCfg = Debug|Win32
		{7E3EC370-E74F-11E0-B0A9-002618861ED1}.Debug|Win32.Build.0 = Debug|Win32
		{7E3EC370-E74F-11E0-B0A9-002618861ED1}.Debug|x64.ActiveCfg = Debug|x64
		{7E3EC370-E74F-11E0-B0A9-002618861ED1}.Debug|x64.Build.0 = Debug|x64
		{7E3EC370-E74F-11E0-B0A9-002618861ED1}.Release|Mixed Platforms.ActiveCfg = Release|Win32
		{7E3EC370-E74F-11E0-B0A9-002618861ED1}.Release|Mixed Platforms.Build.0 = Release|Win32
		{7E3EC370-E74F-11E0-B0A9-002618861ED1}.Release|Win32.ActiveCfg = Release|Win32
		{7E3EC370-E74F-11E0-B0A9-002618861ED1}.Release|Win32.Build.0 = Release|Win32
		{7E3EC370-E74F-11E0-B0A9-002618861ED1}.Release|x64.ActiveCfg = Release|x64
		{7E3EC370-E74F-11E0-B0A9-002618861ED1}.Release|x64.Build.0 = Release|x64
		{CCDA5C10-E74F-11E0-99C0-002618861ED1}.Debug|Mixed Platforms.ActiveCfg = Debug|Win32
		{CCDA5C10-E74F-11E0-99C0-002618861ED1}.Debug|Mixed Platforms.Build.0 = Debug|Win32
		{CCDA5C10-E74F-11E0-99C0-002618861ED1}.Debug|Win32.ActiveCfg = Debug|Win32
		{CCDA5C10-E74F-11E0-99C0-002618861ED1}.Debug|Win32.Build.0 = Debug|Win32
		{CCDA5C10-E74F-11E0-99C0-002618861ED1}.Debug|x64.ActiveCfg = Debug|x64
		{CCDA5C10-E74F-11E0-99C0-002618861ED1}.Debug|x64.Build.0 = Debug|x64
		{CCDA5C10-E74F-11E0-99C0-002618861ED1}.Release|Mixed Platforms.ActiveCfg = Release|Win32
		{CCDA5C10-E74F-11E0-99C0-002618861ED1}.Release|Mixed Platforms.Build.0 = Release|Win32
		{CCDA5C10-E74F-11E0-99C0-002618861ED1}.Release|Win32.ActiveCfg = Release|Win32
		{CCDA5C10-E74F-11E0-99C0-002618861ED1}.Release|Win32.Build.0 = Release|Win32
		{CCDA5C10-E74F-11E0-99C0-002618861ED1}.Release|x64.ActiveCfg = Release|x64
		{CCDA5C10-E74F-11E0-99C0-002618861ED1}.Release|x64.Build.0 = Release|x64
		{174172C0-E750-11E0-A476-002618861ED1}.Debug|Mixed Platforms.ActiveCfg = Debug|Win32
		{174172C0-E750-11E0-A476-002618861ED1}.Debug|Mixed Platforms.Build.0 = Debug|Win32
		{174172C0-E750-11E0-A476-002618861ED1}.Debug|Win32.ActiveCfg = Debug|Win32
		{174172C0-E750-11E0-A476-002618861ED1}.Debug|Win32.Build.0 = Debug|Win32
		{174172C0-E750-11E0-A476-002618861ED1}.Debug|x64.ActiveCfg = Debug|x64
		{174172C0-E750-11E0-A476-002618861ED1}.Debug|x64.Build.0 = Debug|x64
		{174172C0-E750-11E0-A476-002618861ED1}.Release|Mixed Platforms.ActiveCfg = Release|Win32
		{174172C0-E750-11E0-A476-002618861ED1}.Release|Mixed Platforms.Build.0 = Release|Win32
		{174172C0-E750-11E0-A476-002618861ED1}.Release|Win32.ActiveCfg = Release|Win32
		{174172C0-E750-11E0-A476-002618861ED1}.Release|Win32.Build.0 = Release|Win32
		{174172C0-E750-11E0-A476-002618861ED1}.Release|x64.ActiveCfg = Release|x64
		{174172C0-E750-11E0-A476-002618861ED1}.Release|x64.Build.0 = Release|x64
		{71C76DD2-E750-11E0-9F61-002618861ED1}.Debug|Mixed Platforms.ActiveCfg = Debug|Win32
		{71C76DD2-E750-11E0-9F61-002618861ED1}.Debug|Mixed Platforms.Build.0 = Debug|Win32
		{71C76DD2-E750-11E0-9F61-002618861ED1}.Debug|Win32.ActiveCfg = Debug|Win32
		{71C76DD2-E750-11E0-9F61-002618861ED1}.Debug|Win32.Build.0 = Debug|Win32
		{71C76DD2-E750-11E0-9F61-002618861ED1}.Debug|x64.ActiveCfg = Debug|x64
		{71C76DD2-E750-11E0-9F61-002618861ED1}.Debug|x64.Build.0 = Debug|x64
		{71C76DD2-E750-11E0-9F61-002618861ED1}.Release|Mixed Platforms.ActiveCfg = Release|Win32
		{71C76DD2-E750-11E0-9F61-002618861ED1}.Release|Mixed Platforms.Build.0 = Release|Win32
		{71C76DD2-E750-11E0-9F61-002618861ED1}.Release|Win32.ActiveCfg = Release|Win32
		{71C76DD2-E750-11E0-9F61-002618861ED1}.Release|Win32.Build.0 = Release|Win32
		{71C76DD2-E750-11E0-9F61-002618861ED1}.Release|x64.ActiveCfg = Release|x64
		{71C76DD2-E750-11E0-9F61-002618861ED1}.Release|x64.Build.0 = Release|x64
		{AF09A640-E750-11E0-B125-002618861ED1}.Debug|Mixed Platforms.ActiveCfg = Debug|Win32
		{AF09A640-E750-11E0-B125-002618861ED1}.Debug|Mixed Platforms.Build.0 = Debug|Win32
		{AF09A640-E750-11E0-B125-002618861ED1}.Debug|Win32.ActiveCfg = Debug|Win32
		{AF09A640-E750-11E0-B125-002618861ED1}.Debug|Win32.Build.0 = Debug|Win32
		{AF09A640-E750-11E0-B125-002618861ED1}.Debug|x64.ActiveCfg = Debug|x64
		{AF09A640-E750-11E0-B125-002618861ED1}.Debug|x64.Build.0 = Debug|x64
		{AF09A640-E750-11E0-B125-002618861ED1}.Release|Mixed Platforms.ActiveCfg = Release|Win32
		{AF09A640-E750-11E0-B125-002618861ED1}.Release|Mixed Platforms.Build.0 = Release|Win32
		{AF09A640-E750-11E0-B125-002618861ED1}.Release|Win32.ActiveCfg = Release|Win32
		{AF09A640-E750-11E0-B125-002618861ED1}.Release|Win32.Build.0 = Release|Win32
		{AF09A640-E750-11E0-B125-002618861ED1}.Release|x64.ActiveCfg = Release|x64
		{AF09A640-E750-11E0-B125-002618861ED1}.Release|x64.Build.0 = Release|x64
		{F1313A10-E750-11E0-95C2-002618861ED1}.Debug|Mixed Platforms.ActiveCfg = Debug|Win32
		{F1313A10-E750-11E0-95C2-002618861ED1}.Debug|Mixed Platforms.Build.0 = Debug|Win32
		{F1313A10-E750-11E0-95C2-002618861ED1}.Debug|Win32.ActiveCfg = Debug|Win32
		{F1313A10-E750-11E0-95C2-002618861ED1}.Debug|Win32.Build.0 = Debug|Win32
		{F1313A10-E750-11E0-95C2-002618861ED1}.Debug|x64.ActiveCfg = Debug|x64
		{F1313A10-E750-11E0-95C2-002618861ED1}.Debug|x64.Build.0 = Debug|x64
		{F1313A10-E750-11E0-95C2-002618861ED1}.Release|Mixed Platforms.ActiveCfg = Release|Win32
		{F1313A10-E750-11E0-95C2-002618861ED1}.Release|Mixed Platforms.Build.0 = Release|Win32
		{F1313A10-E750-11E0-95C2-002618861ED1}.Release|Win32.ActiveCfg = Release|Win32
		{F1313A10-E750-11E0-95C2-002618861ED1}.Release|Win32.Build.0 = Release|Win32
		{F1313A10-E750-11E0-95C2-002618861ED1}.Release|x64.ActiveCfg = Release|x64
		{F1313A10-E750-11E0-95C2-002618861ED1}.Release|x64.Build.0 = Release|x64
		{16A600A2-E751-11E0-8050-002618861ED1}.Debug|Mixed Platforms.ActiveCfg = Debug|Win32
		{16A600A2-E751-11E0-8050-002618861ED1}.Debug|Mixed Platforms.Build.0 = Debug|Win32
		{16A600A2-E751-11E0-8050-002618861ED1}.Debug|Win32.ActiveCfg = Debug|Win32
		{16A600A2-E751-11E0-8050-002618861ED1}.Debug|Win32.Build.0 = Debug|Win32
		{16A600A2-E751-11E0-8050-002618861ED1}.Debug|x64.ActiveCfg = Debug|x64
		{16A600A2-E751-11E0-8050-002618861ED1}.Debug|x64.Build.0 = Debug|x64
		{16A600A2-E751-11E0-8050-002618861ED1}.Release|Mixed Platforms.ActiveCfg = Release|Win32
		{16A600A2-E751-11E0-8050-002618861ED1}.Release|Mixed Platforms.Build.0 = Release|Win32
		{16A600A2-E751-11E0-8050-002618861ED1}.Release|Win32.ActiveCfg = Release|Win32
		{16A600A2-E751-11E0-8050-002618861ED1}.Release|Win32.Build.0 = Release|Win32
		{16A600A2-E751-11E0-8050-002618861ED1}.Release|x64.ActiveCfg = Release|x64
		{16A600A2-E751-11E0-8050-002618861ED1}.Release|x64.Build.0 = Release|x64
		{4F179E2E-E751-11E0-A156-002618861ED1}.Debug|Mixed Platforms.ActiveCfg = Debug|Win32
		{4F179E2E-E751-11E0-A156-002618861ED1}.Debug|Mixed Platforms.Build.0 = Debug|Win32
		{4F179E2E-E751-11E0-A156-002618861ED1}.Debug|Win32.ActiveCfg = Debug|Win32
		{4F179E2E-E751-11E0-A156-002618861ED1}.Debug|Win32.Build.0 = Debug|Win32
		{4F179E2E-E751-11E0-A156-002618861ED1}.Debug|x64.ActiveCfg = Debug|x64
		{4F179E2E-E751-11E0-A156-002618861ED1}.Debug|x64.Build.0 = Debug|x64
		{4F179E2E-E751-11E0-A156-002618861ED1}.Release|Mixed Platforms.ActiveCfg = Release|Win32
		{4F179E2E-E751-11E0-A156-002618861ED1}.Release|Mixed Platforms.Build.0 = Release|Win32
		{4F179E2E-E751-11E0-A156-002618861ED1}.Release|Win32.ActiveCfg = Release|Win32
		{4F179E2E-E751-11E0-A156-002618861ED1}.Release|Win32.Build.0 = Release|Win32
		{4F179E2E-E751-11E0-A156-002618861ED1}.Release|x64.ActiveCfg = Release|x64
		{4F179E2E-E751-11E0-A156-002618861ED1}.Release|x64.Build.0 = Release|x64
		{7101B762-E751-11E0-8B5E-002618861ED1}.Debug|Mixed Platforms.ActiveCfg = Debug|Win32
		{7101B762-E751-11E0-8B5E-002618861ED1}.Debug|Mixed Platforms.Build.0 = Debug|Win32
		{7101B762-E751-11E0-8B5E-002618861ED1}.Debug|Win32.ActiveCfg = Debug|Win32
		{7101B762-E751-11E0-8B5E-002618861ED1}.Debug|Win32.Build.0 = Debug|Win32
		{7101B762-E751-11E0-8B5E-002618861ED1}.Debug|x64.ActiveCfg = Debug|x64
		{7101B762-E751-11E0-8B5E-002618861ED1}.Debug|x64.Build.0 = Debug|x64
		{7101B762-E751-11E0-8B5E-002618861ED1}.Release|Mixed Platforms.ActiveCfg = Release|Win32
		{7101B762-E751-11E0-8B5E-002618861ED1}.Release|Mixed Platforms.Build.0 = Release|Win32
		{7101B762-E751-11E0-8B5E-002618861ED1}.Release|Win32.ActiveCfg = Release|Win32
		{7101B762-E751-11E0-8B5E-002618861ED1}.Release|Win32.Build.0 = Release|Win32
		{7101B762-E751-11E0-8B5E-002618861ED1}.Release|x64.ActiveCfg = Release|x64
		{7101B762-E751-11E0-8B5E-002618861ED1}.Release|x64.Build.0 = Release|x64
		{017B5CF0-EB5E-11E0-9A81-002618861ED1}.Debug|Mixed Platforms.ActiveCfg = Debug|Win32
		{017B5CF0-EB5E-11E0-9A81-002618861ED1}.Debug|Mixed Platforms.Build.0 = Debug|Win32
		{017B5CF0-EB5E-11E0-9A81-002618861ED1}.Debug|Win32.ActiveCfg = Debug|Win32
		{017B5CF0-EB5E-11E0-9A81-002618861ED1}.Debug|Win32.Build.0 = Debug|Win32
		{017B5CF0-EB5E-11E0-9A81-002618861ED1}.Debug|x64.ActiveCfg = Debug|x64
		{017B5CF0-EB5E-11E0-9A81-002618861ED1}.Debug|x64.Build.0 = Debug|x64
		{017B5CF0-EB5E-11E0-9A81-002618861ED1}.Release|Mixed Platforms.ActiveCfg = Release|Win32
		{017B5CF0-EB5E-11E0-9A81-002618861ED1}.Release|Mixed Platforms.Build.0 = Release|Win32
		{017B5CF0-EB5E-11E0-9A81-002618861ED1}.Release|Win32.ActiveCfg = Release|Win32
		{017B5CF0-EB5E-11E0-9A81-002618861ED1}.Release|Win32.Build.0 = Release|Win32
		{017B5CF0-EB5E-11E0-9A81-002618861ED1}.Release|x64.ActiveCfg = Release|x64
		{017B5CF0-EB5E-11E0-9A81-002618861ED1}.Release|x64.Build.0 = Release|x64
		{DF336C50-EB5D-11E0-BECC-002618861ED1}.Debug|Mixed Platforms.ActiveCfg = Debug|Win32
		{DF336C50-EB5D-11E0-BECC-002618861ED1}.Debug|Mixed Platforms.Build.0 = Debug|Win32
		{DF336C50-EB5D-11E0-BECC-002618861ED1}.Debug|Win32.ActiveCfg = Debug|Win32
		{DF336C50-EB5D-11E0-BECC-002618861ED1}.Debug|Win32.Build.0 = Debug|Win32
		{DF336C50-EB5D-11E0-BECC-002618861ED1}.Debug|x64.ActiveCfg = Debug|x64
		{DF336C50-EB5D-11E0-BECC-002618861ED1}.Debug|x64.Build.0 = Debug|x64
		{DF336C50-EB5D-11E0-BECC-002618861ED1}.Release|Mixed Platforms.ActiveCfg = Release|Win32
		{DF336C50-EB5D-11E0-BECC-002618861ED1}.Release|Mixed Platforms.Build.0 = Release|Win32
		{DF336C50-EB5D-11E0-BECC-002618861ED1}.Release|Win32.ActiveCfg = Release|Win32
		{DF336C50-EB5D-11E0-BECC-002618861ED1}.Release|Win32.Build.0 = Release|Win32
		{DF336C50-EB5D-11E0-BECC-002618861ED1}.Release|x64.ActiveCfg = Release|x64
		{DF336C50-EB5D-11E0-BECC-002618861ED1}.Release|x64.Build.0 = Release|x64
		{B1FC9040-EB5D-11E0-91FD-002618861ED1}.Debug|Mixed Platforms.ActiveCfg = Debug|Win32
		{B1FC9040-EB5D-11E0-91FD-002618861ED1}.Debug|Mixed Platforms.Build.0 = Debug|Win32
		{B1FC9040-EB5D-11E0-91FD-002618861ED1}.Debug|Win32.ActiveCfg = Debug|Win32
		{B1FC9040-EB5D-11E0-91FD-002618861ED1}.Debug|Win32.Build.0 = Debug|Win32
		{B1FC9040-EB5D-11E0-91FD-002618861ED1}.Debug|x64.ActiveCfg = Debug|x64
		{B1FC9040-EB5D-11E0-91FD-002618861ED1}.Debug|x64.Build.0 = Debug|x64
		{B1FC9040-EB5D-11E0-91FD-002618861ED1}.Release|Mixed Platforms.ActiveCfg = Release|Win32
		{B1FC9040-EB5D-11E0-91FD-002618861ED1}.Release|Mixed Platforms.Build.0 = Release|Win32
		{B1FC9040-EB5D-11E0-91FD-002618861ED1}.Release|Win32.ActiveCfg = Release|Win32
		{B1FC9040-EB5D-11E0-91FD-002618861ED1}.Release|Win32.Build.0 = Release|Win32
		{B1FC9040-EB5D-11E0-91FD-002618861ED1}.Release|x64.ActiveCfg = Release|x64
		{B1FC9040-EB5D-11E0-91FD-002618861ED1}.Release|x64.Build.0 = Release|x64
		{92C031F0-EB5D-11E0-9E66-002618861ED1}.Debug|Mixed Platforms.ActiveCfg = Debug|Win32
		{92C031F0-EB5D-11E0-9E66-002618861ED1}.Debug|Mixed Platforms.Build.0 = Debug|Win32
		{92C031F0-EB5D-11E0-9E66-002618861ED1}.Debug|Win32.ActiveCfg = Debug|Win32
		{92C031F0-EB5D-11E0-9E66-002618861ED1}.Debug|Win32.Build.0 = Debug|Win32
		{92C031F0-EB5D-11E0-9E66-002618861ED1}.Debug|x64.ActiveCfg = Debug|x64
		{92C031F0-EB5D-11E0-9E66-002618861ED1}.Debug|x64.Build.0 = Debug|x64
		{92C031F0-EB5D-11E0-9E66-002618861ED1}.Release|Mixed Platforms.ActiveCfg = Release|Win32
		{92C031F0-EB5D-11E0-9E66-002618861ED1}.Release|Mixed Platforms.Build.0 = Release|Win32
		{92C031F0-EB5D-11E0-9E66-002618861ED1}.Release|Win32.ActiveCfg = Release|Win32
		{92C031F0-EB5D-11E0-9E66-002618861ED1}.Release|Win32.Build.0 = Release|Win32
		{92C031F0-EB5D-11E0-9E66-002618861ED1}.Release|x64.ActiveCfg = Release|x64
		{92C031F0-EB5D-11E0-9E66-002618861ED1}.Release|x64.Build.0 = Release|x64
		{326B6C40-EB65-11E0-8F10-002618861ED1}.Debug|Mixed Platforms.ActiveCfg = Debug|Win32
		{326B6C40-EB65-11E0-8F10-002618861ED1}.Debug|Mixed Platforms.Build.0 = Debug|Win32
		{326B6C40-EB65-11E0-8F10-002618861ED1}.Debug|Win32.ActiveCfg = Debug|Win32
		{326B6C40-EB65-11E0-8F10-002618861ED1}.Debug|Win32.Build.0 = Debug|Win32
		{326B6C40-EB65-11E0-8F10-002618861ED1}.Debug|x64.ActiveCfg = Debug|x64
		{326B6C40-EB65-11E0-8F10-002618861ED1}.Debug|x64.Build.0 = Debug|x64
		{326B6C40-EB65-11E0-8F10-002618861ED1}.Release|Mixed Platforms.ActiveCfg = Release|Win32
		{326B6C40-EB65-11E0-8F10-002618861ED1}.Release|Mixed Platforms.Build.0 = Release|Win32
		{326B6C40-EB65-11E0-8F10-002618861ED1}.Release|Win32.ActiveCfg = Release|Win32
		{326B6C40-EB65-11E0-8F10-002618861ED1}.Release|Win32.Build.0 = Release|Win32
		{326B6C40-EB65-11E0-8F10-002618861ED1}.Release|x64.ActiveCfg = Release|x64
		{326B6C40-EB65-11E0-8F10-002618861ED1}.Release|x64.Build.0 = Release|x64
		{251FA510-EB65-11E0-A147-002618861ED1}.Debug|Mixed Platforms.ActiveCfg = Debug|Win32
		{251FA510-EB65-11E0-A147-002618861ED1}.Debug|Mixed Platforms.Build.0 = Debug|Win32
		{251FA510-EB65-11E0-A147-002618861ED1}.Debug|Win32.ActiveCfg = Debug|Win32
		{251FA510-EB65-11E0-A147-002618861ED1}.Debug|Win32.Build.0 = Debug|Win32
		{251FA510-EB65-11E0-A147-002618861ED1}.Debug|x64.ActiveCfg = Debug|x64
		{251FA510-EB65-11E0-A147-002618861ED1}.Debug|x64.Build.0 = Debug|x64
		{251FA510-EB65-11E0-A147-002618861ED1}.Release|Mixed Platforms.ActiveCfg = Release|Win32
		{251FA510-EB65-11E0-A147-002618861ED1}.Release|Mixed Platforms.Build.0 = Release|Win32
		{251FA510-EB65-11E0-A147-002618861ED1}.Release|Win32.ActiveCfg = Release|Win32
		{251FA510-EB65-11E0-A147-002618861ED1}.Release|Win32.Build.0 = Release|Win32
		{251FA510-EB65-11E0-A147-002618861ED1}.Release|x64.ActiveCfg = Release|x64
		{251FA510-EB65-11E0-A147-002618861ED1}.Release|x64.Build.0 = Release|x64
		{100C9840-EB65-11E0-8C5B-002618861ED1}.Debug|Mixed Platforms.ActiveCfg = Debug|Win32
		{100C9840-EB65-11E0-8C5B-002618861ED1}.Debug|Mixed Platforms.Build.0 = Debug|Win32
		{100C9840-EB65-11E0-8C5B-002618861ED1}.Debug|Win32.ActiveCfg = Debug|Win32
		{100C9840-EB65-11E0-8C5B-002618861ED1}.Debug|Win32.Build.0 = Debug|Win32
		{100C9840-EB65-11E0-8C5B-002618861ED1}.Debug|x64.ActiveCfg = Debug|x64
		{100C9840-EB65-11E0-8C5B-002618861ED1}.Debug|x64.Build.0 = Debug|x64
		{100C9840-EB65-11E0-8C5B-002618861ED1}.Release|Mixed Platforms.ActiveCfg = Release|Win32
		{100C9840-EB65-11E0-8C5B-002618861ED1}.Release|Mixed Platforms.Build.0 = Release|Win32
		{100C9840-EB65-11E0-8C5B-002618861ED1}.Release|Win32.ActiveCfg = Release|Win32
		{100C9840-EB65-11E0-8C5B-002618861ED1}.Release|Win32.Build.0 = Release|Win32
		{100C9840-EB65-11E0-8C5B-002618861ED1}.Release|x64.ActiveCfg = Release|x64
		{100C9840-EB65-11E0-8C5B-002618861ED1}.Release|x64.Build.0 = Release|x64
		{D0FF0090-EB62-11E0-9149-002618861ED1}.Debug|Mixed Platforms.ActiveCfg = Debug|Win32
		{D0FF0090-EB62-11E0-9149-002618861ED1}.Debug|Mixed Platforms.Build.0 = Debug|Win32
		{D0FF0090-EB62-11E0-9149-002618861ED1}.Debug|Win32.ActiveCfg = Debug|Win32
		{D0FF0090-EB62-11E0-9149-002618861ED1}.Debug|Win32.Build.0 = Debug|Win32
		{D0FF0090-EB62-11E0-9149-002618861ED1}.Debug|x64.ActiveCfg = Debug|x64
		{D0FF0090-EB62-11E0-9149-002618861ED1}.Debug|x64.Build.0 = Debug|x64
		{D0FF0090-EB62-11E0-9149-002618861ED1}.Release|Mixed Platforms.ActiveCfg = Release|Win32
		{D0FF0090-EB62-11E0-9149-002618861ED1}.Release|Mixed Platforms.Build.0 = Release|Win32
		{D0FF0090-EB62-11E0-9149-002618861ED1}.Release|Win32.ActiveCfg = Release|Win32
		{D0FF0090-EB62-11E0-9149-002618861ED1}.Release|Win32.Build.0 = Release|Win32
		{D0FF0090-EB62-11E0-9149-002618861ED1}.Release|x64.ActiveCfg = Release|x64
		{D0FF0090-EB62-11E0-9149-002618861ED1}.Release|x64.Build.0 = Release|x64
		{89457180-EBC1-11E0-BFCC-002618861ED1}.Debug|Mixed Platforms.ActiveCfg = Debug|Win32
		{89457180-EBC1-11E0-BFCC-002618861ED1}.Debug|Mixed Platforms.Build.0 = Debug|Win32
		{89457180-EBC1-11E0-BFCC-002618861ED1}.Debug|Win32.ActiveCfg = Debug|Win32
		{89457180-EBC1-11E0-BFCC-002618861ED1}.Debug|Win32.Build.0 = Debug|Win32
		{89457180-EBC1-11E0-BFCC-002618861ED1}.Debug|x64.ActiveCfg = Debug|x64
		{89457180-EBC1-11E0-BFCC-002618861ED1}.Debug|x64.Build.0 = Debug|x64
		{89457180-EBC1-11E0-BFCC-002618861ED1}.Release|Mixed Platforms.ActiveCfg = Release|Win32
		{89457180-EBC1-11E0-BFCC-002618861ED1}.Release|Mixed Platforms.Build.0 = Release|Win32
		{89457180-EBC1-11E0-BFCC-002618861ED1}.Release|Win32.ActiveCfg = Release|Win32
		{89457180-EBC1-11E0-BFCC-002618861ED1}.Release|Win32.Build.0 = Release|Win32
		{89457180-EBC1-11E0-BFCC-002618861ED1}.Release|x64.ActiveCfg = Release|x64
		{89457180-EBC1-11E0-BFCC-002618861ED1}.Release|x64.Build.0 = Release|x64
		{355A7012-EBCC-11E0-9A41-002618861ED1}.Debug|Mixed Platforms.ActiveCfg = Debug|Win32
		{355A7012-EBCC-11E0-9A41-002618861ED1}.Debug|Mixed Platforms.Build.0 = Debug|Win32
		{355A7012-EBCC-11E0-9A41-002618861ED1}.Debug|Win32.ActiveCfg = Debug|Win32
		{355A7012-EBCC-11E0-9A41-002618861ED1}.Debug|Win32.Build.0 = Debug|Win32
		{355A7012-EBCC-11E0-9A41-002618861ED1}.Debug|x64.ActiveCfg = Debug|x64
		{355A7012-EBCC-11E0-9A41-002618861ED1}.Debug|x64.Build.0 = Debug|x64
		{355A7012-EBCC-11E0-9A41-002618861ED1}.Release|Mixed Platforms.ActiveCfg = Release|Win32
		{355A7012-EBCC-11E0-9A41-002618861ED1}.Release|Mixed Platforms.Build.0 = Release|Win32
		{355A7012-EBCC-11E0-9A41-002618861ED1}.Release|Win32.ActiveCfg = Release|Win32
		{355A7012-EBCC-11E0-9A41-002618861ED1}.Release|Win32.Build.0 = Release|Win32
		{355A7012-EBCC-11E0-9A41-002618861ED1}.Release|x64.ActiveCfg = Release|x64
		{355A7012-EBCC-11E0-9A41-002618861ED1}.Release|x64.Build.0 = Release|x64
		{28339600-EBCC-11E0-AB0A-002618861ED1}.Debug|Mixed Platforms.ActiveCfg = Debug|Win32
		{28339600-EBCC-11E0-AB0A-002618861ED1}.Debug|Mixed Platforms.Build.0 = Debug|Win32
		{28339600-EBCC-11E0-AB0A-002618861ED1}.Debug|Win32.ActiveCfg = Debug|Win32
		{28339600-EBCC-11E0-AB0A-002618861ED1}.Debug|Win32.Build.0 = Debug|Win32
		{28339600-EBCC-11E0-AB0A-002618861ED1}.Debug|x64.ActiveCfg = Debug|x64
		{28339600-EBCC-11E0-AB0A-002618861ED1}.Debug|x64.Build.0 = Debug|x64
		{28339600-EBCC-11E0-AB0A-002618861ED1}.Release|Mixed Platforms.ActiveCfg = Release|Win32
		{28339600-EBCC-11E0-AB0A-002618861ED1}.Release|Mixed Platforms.Build.0 = Release|Win32
		{28339600-EBCC-11E0-AB0A-002618861ED1}.Release|Win32.ActiveCfg = Release|Win32
		{28339600-EBCC-11E0-AB0A-002618861ED1}.Release|Win32.Build.0 = Release|Win32
		{28339600-EBCC-11E0-AB0A-002618861ED1}.Release|x64.ActiveCfg = Release|x64
		{28339600-EBCC-11E0-AB0A-002618861ED1}.Release|x64.Build.0 = Release|x64
		{0B3D571E-EBCC-11E0-888A-002618861ED1}.Debug|Mixed Platforms.ActiveCfg = Debug|Win32
		{0B3D571E-EBCC-11E0-888A-002618861ED1}.Debug|Mixed Platforms.Build.0 = Debug|Win32
		{0B3D571E-EBCC-11E0-888A-002618861ED1}.Debug|Win32.ActiveCfg = Debug|Win32
		{0B3D571E-EBCC-11E0-888A-002618861ED1}.Debug|Win32.Build.0 = Debug|Win32
		{0B3D571E-EBCC-11E0-888A-002618861ED1}.Debug|x64.ActiveCfg = Debug|x64
		{0B3D571E-EBCC-11E0-888A-002618861ED1}.Debug|x64.Build.0 = Debug|x64
		{0B3D571E-EBCC-11E0-888A-002618861ED1}.Release|Mixed Platforms.ActiveCfg = Release|Win32
		{0B3D571E-EBCC-11E0-888A-002618861ED1}.Release|Mixed Platforms.Build.0 = Release|Win32
		{0B3D571E-EBCC-11E0-888A-002618861ED1}.Release|Win32.ActiveCfg = Release|Win32
		{0B3D571E-EBCC-11E0-888A-002618861ED1}.Release|Win32.Build.0 = Release|Win32
		{0B3D571E-EBCC-11E0-888A-002618861ED1}.Release|x64.ActiveCfg = Release|x64
		{0B3D571E-EBCC-11E0-888A-002618861ED1}.Release|x64.Build.0 = Release|x64
		{9DFBFADE-EBCB-11E0-86FF-002618861ED1}.Debug|Mixed Platforms.ActiveCfg = Debug|Win32
		{9DFBFADE-EBCB-11E0-86FF-002618861ED1}.Debug|Mixed Platforms.Build.0 = Debug|Win32
		{9DFBFADE-EBCB-11E0-86FF-002618861ED1}.Debug|Win32.ActiveCfg = Debug|Win32
		{9DFBFADE-EBCB-11E0-86FF-002618861ED1}.Debug|Win32.Build.0 = Debug|Win32
		{9DFBFADE-EBCB-11E0-86FF-002618861ED1}.Debug|x64.ActiveCfg = Debug|x64
		{9DFBFADE-EBCB-11E0-86FF-002618861ED1}.Debug|x64.Build.0 = Debug|x64
		{9DFBFADE-EBCB-11E0-86FF-002618861ED1}.Release|Mixed Platforms.ActiveCfg = Release|Win32
		{9DFBFADE-EBCB-11E0-86FF-002618861ED1}.Release|Mixed Platforms.Build.0 = Release|Win32
		{9DFBFADE-EBCB-11E0-86FF-002618861ED1}.Release|Win32.ActiveCfg = Release|Win32
		{9DFBFADE-EBCB-11E0-86FF-002618861ED1}.Release|Win32.Build.0 = Release|Win32
		{9DFBFADE-EBCB-11E0-86FF-002618861ED1}.Release|x64.ActiveCfg = Release|x64
		{9DFBFADE-EBCB-11E0-86FF-002618861ED1}.Release|x64.Build.0 = Release|x64
		{F27E73D2-EBE0-11E0-9143-002618861ED1}.Debug|Mixed Platforms.ActiveCfg = Debug|Win32
		{F27E73D2-EBE0-11E0-9143-002618861ED1}.Debug|Mixed Platforms.Build.0 = Debug|Win32
		{F27E73D2-EBE0-11E0-9143-002618861ED1}.Debug|Win32.ActiveCfg = Debug|Win32
		{F27E73D2-EBE0-11E0-9143-002618861ED1}.Debug|Win32.Build.0 = Debug|Win32
		{F27E73D2-EBE0-11E0-9143-002618861ED1}.Debug|x64.ActiveCfg = Debug|x64
		{F27E73D2-EBE0-11E0-9143-002618861ED1}.Debug|x64.Build.0 = Debug|x64
		{F27E73D2-EBE0-11E0-9143-002618861ED1}.Release|Mixed Platforms.ActiveCfg = Release|Win32
		{F27E73D2-EBE0-11E0-9143-002618861ED1}.Release|Mixed Platforms.Build.0 = Release|Win32
		{F27E73D2-EBE0-11E0-9143-002618861ED1}.Release|Win32.ActiveCfg = Release|Win32
		{F27E73D2-EBE0-11E0-9143-002618861ED1}.Release|Win32.Build.0 = Release|Win32
		{F27E73D2-EBE0-11E0-9143-002618861ED1}.Release|x64.ActiveCfg = Release|x64
		{F27E73D2-EBE0-11E0-9143-002618861ED1}.Release|x64.Build.0 = Release|x64
		{EBBC9040-EBE0-11E0-B1B8-002618861ED1}.Debug|Mixed Platforms.ActiveCfg = Debug|Win32
		{EBBC9040-EBE0-11E0-B1B8-002618861ED1}.Debug|Mixed Platforms.Build.0 = Debug|Win32
		{EBBC9040-EBE0-11E0-B1B8-002618861ED1}.Debug|Win32.ActiveCfg = Debug|Win32
		{EBBC9040-EBE0-11E0-B1B8-002618861ED1}.Debug|Win32.Build.0 = Debug|Win32
		{EBBC9040-EBE0-11E0-B1B8-002618861ED1}.Debug|x64.ActiveCfg = Debug|x64
		{EBBC9040-EBE0-11E0-B1B8-002618861ED1}.Debug|x64.Build.0 = Debug|x64
		{EBBC9040-EBE0-11E0-B1B8-002618861ED1}.Release|Mixed Platforms.ActiveCfg = Release|Win32
		{EBBC9040-EBE0-11E0-B1B8-002618861ED1}.Release|Mixed Platforms.Build.0 = Release|Win32
		{EBBC9040-EBE0-11E0-B1B8-002618861ED1}.Release|Win32.ActiveCfg = Release|Win32
		{EBBC9040-EBE0-11E0-B1B8-002618861ED1}.Release|Win32.Build.0 = Release|Win32
		{EBBC9040-EBE0-11E0-B1B8-002618861ED1}.Release|x64.ActiveCfg = Release|x64
		{EBBC9040-EBE0-11E0-B1B8-002618861ED1}.Release|x64.Build.0 = Release|x64
		{DF060430-EBE0-11E0-9FF1-002618861ED1}.Debug|Mixed Platforms.ActiveCfg = Debug|Win32
		{DF060430-EBE0-11E0-9FF1-002618861ED1}.Debug|Mixed Platforms.Build.0 = Debug|Win32
		{DF060430-EBE0-11E0-9FF1-002618861ED1}.Debug|Win32.ActiveCfg = Debug|Win32
		{DF060430-EBE0-11E0-9FF1-002618861ED1}.Debug|Win32.Build.0 = Debug|Win32
		{DF060430-EBE0-11E0-9FF1-002618861ED1}.Debug|x64.ActiveCfg = Debug|x64
		{DF060430-EBE0-11E0-9FF1-002618861ED1}.Debug|x64.Build.0 = Debug|x64
		{DF060430-EBE0-11E0-9FF1-002618861ED1}.Release|Mixed Platforms.ActiveCfg = Release|Win32
		{DF060430-EBE0-11E0-9FF1-002618861ED1}.Release|Mixed Platforms.Build.0 = Release|Win32
		{DF060430-EBE0-11E0-9FF1-002618861ED1}.Release|Win32.ActiveCfg = Release|Win32
		{DF060430-EBE0-11E0-9FF1-002618861ED1}.Release|Win32.Build.0 = Release|Win32
		{DF060430-EBE0-11E0-9FF1-002618861ED1}.Release|x64.ActiveCfg = Release|x64
		{DF060430-EBE0-11E0-9FF1-002618861ED1}.Release|x64.Build.0 = Release|x64
		{C73054F0-EBE0-11E0-BB25-002618861ED1}.Debug|Mixed Platforms.ActiveCfg = Debug|Win32
		{C73054F0-EBE0-11E0-BB25-002618861ED1}.Debug|Mixed Platforms.Build.0 = Debug|Win32
		{C73054F0-EBE0-11E0-BB25-002618861ED1}.Debug|Win32.ActiveCfg = Debug|Win32
		{C73054F0-EBE0-11E0-BB25-002618861ED1}.Debug|Win32.Build.0 = Debug|Win32
		{C73054F0-EBE0-11E0-BB25-002618861ED1}.Debug|x64.ActiveCfg = Debug|x64
		{C73054F0-EBE0-11E0-BB25-002618861ED1}.Debug|x64.Build.0 = Debug|x64
		{C73054F0-EBE0-11E0-BB25-002618861ED1}.Release|Mixed Platforms.ActiveCfg = Release|Win32
		{C73054F0-EBE0-11E0-BB25-002618861ED1}.Release|Mixed Platforms.Build.0 = Release|Win32
		{C73054F0-EBE0-11E0-BB25-002618861ED1}.Release|Win32.ActiveCfg = Release|Win32
		{C73054F0-EBE0-11E0-BB25-002618861ED1}.Release|Win32.Build.0 = Release|Win32
		{C73054F0-EBE0-11E0-BB25-002618861ED1}.Release|x64.ActiveCfg = Release|x64
		{C73054F0-EBE0-11E0-BB25-002618861ED1}.Release|x64.Build.0 = Release|x64
		{BF279980-EBE0-11E0-93DD-002618861ED1}.Debug|Mixed Platforms.ActiveCfg = Debug|Win32
		{BF279980-EBE0-11E0-93DD-002618861ED1}.Debug|Mixed Platforms.Build.0 = Debug|Win32
		{BF279980-EBE0-11E0-93DD-002618861ED1}.Debug|Win32.ActiveCfg = Debug|Win32
		{BF279980-EBE0-11E0-93DD-002618861ED1}.Debug|Win32.Build.0 = Debug|Win32
		{BF279980-EBE0-11E0-93DD-002618861ED1}.Debug|x64.ActiveCfg = Debug|x64
		{BF279980-EBE0-11E0-93DD-002618861ED1}.Debug|x64.Build.0 = Debug|x64
		{BF279980-EBE0-11E0-93DD-002618861ED1}.Release|Mixed Platforms.ActiveCfg = Release|Win32
		{BF279980-EBE0-11E0-93DD-002618861ED1}.Release|Mixed Platforms.Build.0 = Release|Win32
		{BF279980-EBE0-11E0-93DD-002618861ED1}.Release|Win32.ActiveCfg = Release|Win32
		{BF279980-EBE0-11E0-93DD-002618861ED1}.Release|Win32.Build.0 = Release|Win32
		{BF279980-EBE0-11E0-93DD-002618861ED1}.Release|x64.ActiveCfg = Release|x64
		{BF279980-EBE0-11E0-93DD-002618861ED1}.Release|x64.Build.0 = Release|x64
		{B0B41B30-EBE0-11E0-A7B5-002618861ED1}.Debug|Mixed Platforms.ActiveCfg = Debug|Win32
		{B0B41B30-EBE0-11E0-A7B5-002618861ED1}.Debug|Mixed Platforms.Build.0 = Debug|Win32
		{B0B41B30-EBE0-11E0-A7B5-002618861ED1}.Debug|Win32.ActiveCfg = Debug|Win32
		{B0B41B30-EBE0-11E0-A7B5-002618861ED1}.Debug|Win32.Build.0 = Debug|Win32
		{B0B41B30-EBE0-11E0-A7B5-002618861ED1}.Debug|x64.ActiveCfg = Debug|x64
		{B0B41B30-EBE0-11E0-A7B5-002618861ED1}.Debug|x64.Build.0 = Debug|x64
		{B0B41B30-EBE0-11E0-A7B5-002618861ED1}.Release|Mixed Platforms.ActiveCfg = Release|Win32
		{B0B41B30-EBE0-11E0-A7B5-002618861ED1}.Release|Mixed Platforms.Build.0 = Release|Win32
		{B0B41B30-EBE0-11E0-A7B5-002618861ED1}.Release|Win32.ActiveCfg = Release|Win32
		{B0B41B30-EBE0-11E0-A7B5-002618861ED1}.Release|Win32.Build.0 = Release|Win32
		{B0B41B30-EBE0-11E0-A7B5-002618861ED1}.Release|x64.ActiveCfg = Release|x64
		{B0B41B30-EBE0-11E0-A7B5-002618861ED1}.Release|x64.Build.0 = Release|x64
		{A03F2790-EBE0-11E0-8DB9-002618861ED1}.Debug|Mixed Platforms.ActiveCfg = Debug|Win32
		{A03F2790-EBE0-11E0-8DB9-002618861ED1}.Debug|Mixed Platforms.Build.0 = Debug|Win32
		{A03F2790-EBE0-11E0-8DB9-002618861ED1}.Debug|Win32.ActiveCfg = Debug|Win32
		{A03F2790-EBE0-11E0-8DB9-002618861ED1}.Debug|Win32.Build.0 = Debug|Win32
		{A03F2790-EBE0-11E0-8DB9-002618861ED1}.Debug|x64.ActiveCfg = Debug|x64
		{A03F2790-EBE0-11E0-8DB9-002618861ED1}.Debug|x64.Build.0 = Debug|x64
		{A03F2790-EBE0-11E0-8DB9-002618861ED1}.Release|Mixed Platforms.ActiveCfg = Release|Win32
		{A03F2790-EBE0-11E0-8DB9-002618861ED1}.Release|Mixed Platforms.Build.0 = Release|Win32
		{A03F2790-EBE0-11E0-8DB9-002618861ED1}.Release|Win32.ActiveCfg = Release|Win32
		{A03F2790-EBE0-11E0-8DB9-002618861ED1}.Release|Win32.Build.0 = Release|Win32
		{A03F2790-EBE0-11E0-8DB9-002618861ED1}.Release|x64.ActiveCfg = Release|x64
		{A03F2790-EBE0-11E0-8DB9-002618861ED1}.Release|x64.Build.0 = Release|x64
		{94C6C0D0-EBE0-11E0-BD7F-002618861ED1}.Debug|Mixed Platforms.ActiveCfg = Debug|Win32
		{94C6C0D0-EBE0-11E0-BD7F-002618861ED1}.Debug|Mixed Platforms.Build.0 = Debug|Win32
		{94C6C0D0-EBE0-11E0-BD7F-002618861ED1}.Debug|Win32.ActiveCfg = Debug|Win32
		{94C6C0D0-EBE0-11E0-BD7F-002618861ED1}.Debug|Win32.Build.0 = Debug|Win32
		{94C6C0D0-EBE0-11E0-BD7F-002618861ED1}.Debug|x64.ActiveCfg = Debug|x64
		{94C6C0D0-EBE0-11E0-BD7F-002618861ED1}.Debug|x64.Build.0 = Debug|x64
		{94C6C0D0-EBE0-11E0-BD7F-002618861ED1}.Release|Mixed Platforms.ActiveCfg = Release|Win32
		{94C6C0D0-EBE0-11E0-BD7F-002618861ED1}.Release|Mixed Platforms.Build.0 = Release|Win32
		{94C6C0D0-EBE0-11E0-BD7F-002618861ED1}.Release|Win32.ActiveCfg = Release|Win32
		{94C6C0D0-EBE0-11E0-BD7F-002618861ED1}.Release|Win32.Build.0 = Release|Win32
		{94C6C0D0-EBE0-11E0-BD7F-002618861ED1}.Release|x64.ActiveCfg = Release|x64
		{94C6C0D0-EBE0-11E0-BD7F-002618861ED1}.Release|x64.Build.0 = Release|x64
		{832FE270-EBE0-11E0-82F9-002618861ED1}.Debug|Mixed Platforms.ActiveCfg = Debug|Win32
		{832FE270-EBE0-11E0-82F9-002618861ED1}.Debug|Mixed Platforms.Build.0 = Debug|Win32
		{832FE270-EBE0-11E0-82F9-002618861ED1}.Debug|Win32.ActiveCfg = Debug|Win32
		{832FE270-EBE0-11E0-82F9-002618861ED1}.Debug|Win32.Build.0 = Debug|Win32
		{832FE270-EBE0-11E0-82F9-002618861ED1}.Debug|x64.ActiveCfg = Debug|x64
		{832FE270-EBE0-11E0-82F9-002618861ED1}.Debug|x64.Build.0 = Debug|x64
		{832FE270-EBE0-11E0-82F9-002618861ED1}.Release|Mixed Platforms.ActiveCfg = Release|Win32
		{832FE270-EBE0-11E0-82F9-002618861ED1}.Release|Mixed Platforms.Build.0 = Release|Win32
		{832FE270-EBE0-11E0-82F9-002618861ED1}.Release|Win32.ActiveCfg = Release|Win32
		{832FE270-EBE0-11E0-82F9-002618861ED1}.Release|Win32.Build.0 = Release|Win32
		{832FE270-EBE0-11E0-82F9-002618861ED1}.Release|x64.ActiveCfg = Release|x64
		{832FE270-EBE0-11E0-82F9-002618861ED1}.Release|x64.Build.0 = Release|x64
		{D55D93C0-EBE6-11E0-935C-002618861ED1}.Debug|Mixed Platforms.ActiveCfg = Debug|Win32
		{D55D93C0-EBE6-11E0-935C-002618861ED1}.Debug|Mixed Platforms.Build.0 = Debug|Win32
		{D55D93C0-EBE6-11E0-935C-002618861ED1}.Debug|Win32.ActiveCfg = Debug|Win32
		{D55D93C0-EBE6-11E0-935C-002618861ED1}.Debug|Win32.Build.0 = Debug|Win32
		{D55D93C0-EBE6-11E0-935C-002618861ED1}.Debug|x64.ActiveCfg = Debug|x64
		{D55D93C0-EBE6-11E0-935C-002618861ED1}.Debug|x64.Build.0 = Debug|x64
		{D55D93C0-EBE6-11E0-935C-002618861ED1}.Release|Mixed Platforms.ActiveCfg = Release|Win32
		{D55D93C0-EBE6-11E0-935C-002618861ED1}.Release|Mixed Platforms.Build.0 = Release|Win32
		{D55D93C0-EBE6-11E0-935C-002618861ED1}.Release|Win32.ActiveCfg = Release|Win32
		{D55D93C0-EBE6-11E0-935C-002618861ED1}.Release|Win32.Build.0 = Release|Win32
		{D55D93C0-EBE6-11E0-935C-002618861ED1}.Release|x64.ActiveCfg = Release|x64
		{D55D93C0-EBE6-11E0-935C-002618861ED1}.Release|x64.Build.0 = Release|x64
		{EDC34E00-EBE6-11E0-84E7-002618861ED1}.Debug|Mixed Platforms.ActiveCfg = Debug|Win32
		{EDC34E00-EBE6-11E0-84E7-002618861ED1}.Debug|Mixed Platforms.Build.0 = Debug|Win32
		{EDC34E00-EBE6-11E0-84E7-002618861ED1}.Debug|Win32.ActiveCfg = Debug|Win32
		{EDC34E00-EBE6-11E0-84E7-002618861ED1}.Debug|Win32.Build.0 = Debug|Win32
		{EDC34E00-EBE6-11E0-84E7-002618861ED1}.Debug|x64.ActiveCfg = Debug|x64
		{EDC34E00-EBE6-11E0-84E7-002618861ED1}.Debug|x64.Build.0 = Debug|x64
		{EDC34E00-EBE6-11E0-84E7-002618861ED1}.Release|Mixed Platforms.ActiveCfg = Release|Win32
		{EDC34E00-EBE6-11E0-84E7-002618861ED1}.Release|Mixed Platforms.Build.0 = Release|Win32
		{EDC34E00-EBE6-11E0-84E7-002618861ED1}.Release|Win32.ActiveCfg = Release|Win32
		{EDC34E00-EBE6-11E0-84E7-002618861ED1}.Release|Win32.Build.0 = Release|Win32
		{EDC34E00-EBE6-11E0-84E7-002618861ED1}.Release|x64.ActiveCfg = Release|x64
		{EDC34E00-EBE6-11E0-84E7-002618861ED1}.Release|x64.Build.0 = Release|x64
		{0ED45D92-EBED-11E0-940D-002618861ED1}.Debug|Mixed Platforms.ActiveCfg = Debug|Win32
		{0ED45D92-EBED-11E0-940D-002618861ED1}.Debug|Mixed Platforms.Build.0 = Debug|Win32
		{0ED45D92-EBED-11E0-940D-002618861ED1}.Debug|Win32.ActiveCfg = Debug|Win32
		{0ED45D92-EBED-11E0-940D-002618861ED1}.Debug|Win32.Build.0 = Debug|Win32
		{0ED45D92-EBED-11E0-940D-002618861ED1}.Debug|x64.ActiveCfg = Debug|x64
		{0ED45D92-EBED-11E0-940D-002618861ED1}.Debug|x64.Build.0 = Debug|x64
		{0ED45D92-EBED-11E0-940D-002618861ED1}.Release|Mixed Platforms.ActiveCfg = Release|Win32
		{0ED45D92-EBED-11E0-940D-002618861ED1}.Release|Mixed Platforms.Build.0 = Release|Win32
		{0ED45D92-EBED-11E0-940D-002618861ED1}.Release|Win32.ActiveCfg = Release|Win32
		{0ED45D92-EBED-11E0-940D-002618861ED1}.Release|Win32.Build.0 = Release|Win32
		{0ED45D92-EBED-11E0-940D-002618861ED1}.Release|x64.ActiveCfg = Release|x64
		{0ED45D92-EBED-11E0-940D-002618861ED1}.Release|x64.Build.0 = Release|x64
		{F59DE4D0-EBF7-11E0-BEDF-002618861ED1}.Debug|Mixed Platforms.ActiveCfg = Debug|Win32
		{F59DE4D0-EBF7-11E0-BEDF-002618861ED1}.Debug|Mixed Platforms.Build.0 = Debug|Win32
		{F59DE4D0-EBF7-11E0-BEDF-002618861ED1}.Debug|Win32.ActiveCfg = Debug|Win32
		{F59DE4D0-EBF7-11E0-BEDF-002618861ED1}.Debug|Win32.Build.0 = Debug|Win32
		{F59DE4D0-EBF7-11E0-BEDF-002618861ED1}.Debug|x64.ActiveCfg = Debug|x64
		{F59DE4D0-EBF7-11E0-BEDF-002618861ED1}.Debug|x64.Build.0 = Debug|x64
		{F59DE4D0-EBF7-11E0-BEDF-002618861ED1}.Release|Mixed Platforms.ActiveCfg = Release|Win32
		{F59DE4D0-EBF7-11E0-BEDF-002618861ED1}.Release|Mixed Platforms.Build.0 = Release|Win32
		{F59DE4D0-EBF7-11E0-BEDF-002618861ED1}.Release|Win32.ActiveCfg = Release|Win32
		{F59DE4D0-EBF7-11E0-BEDF-002618861ED1}.Release|Win32.Build.0 = Release|Win32
		{F59DE4D0-EBF7-11E0-BEDF-002618861ED1}.Release|x64.ActiveCfg = Release|x64
		{F59DE4D0-EBF7-11E0-BEDF-002618861ED1}.Release|x64.Build.0 = Release|x64
		{5614B1A2-EC15-11E0-8B91-002618861ED1}.Debug|Mixed Platforms.ActiveCfg = Debug|Win32
		{5614B1A2-EC15-11E0-8B91-002618861ED1}.Debug|Mixed Platforms.Build.0 = Debug|Win32
		{5614B1A2-EC15-11E0-8B91-002618861ED1}.Debug|Win32.ActiveCfg = Debug|Win32
		{5614B1A2-EC15-11E0-8B91-002618861ED1}.Debug|Win32.Build.0 = Debug|Win32
		{5614B1A2-EC15-11E0-8B91-002618861ED1}.Debug|x64.ActiveCfg = Debug|x64
		{5614B1A2-EC15-11E0-8B91-002618861ED1}.Debug|x64.Build.0 = Debug|x64
		{5614B1A2-EC15-11E0-8B91-002618861ED1}.Release|Mixed Platforms.ActiveCfg = Release|Win32
		{5614B1A2-EC15-11E0-8B91-002618861ED1}.Release|Mixed Platforms.Build.0 = Release|Win32
		{5614B1A2-EC15-11E0-8B91-002618861ED1}.Release|Win32.ActiveCfg = Release|Win32
		{5614B1A2-EC15-11E0-8B91-002618861ED1}.Release|Win32.Build.0 = Release|Win32
		{5614B1A2-EC15-11E0-8B91-002618861ED1}.Release|x64.ActiveCfg = Release|x64
		{5614B1A2-EC15-11E0-8B91-002618861ED1}.Release|x64.Build.0 = Release|x64
		{6BF2E122-EF4B-11E0-9594-002618861ED1}.Debug|Mixed Platforms.ActiveCfg = Debug|Win32
		{6BF2E122-EF4B-11E0-9594-002618861ED1}.Debug|Mixed Platforms.Build.0 = Debug|Win32
		{6BF2E122-EF4B-11E0-9594-002618861ED1}.Debug|Win32.ActiveCfg = Debug|Win32
		{6BF2E122-EF4B-11E0-9594-002618861ED1}.Debug|Win32.Build.0 = Debug|Win32
		{6BF2E122-EF4B-11E0-9594-002618861ED1}.Debug|x64.ActiveCfg = Debug|x64
		{6BF2E122-EF4B-11E0-9594-002618861ED1}.Debug|x64.Build.0 = Debug|x64
		{6BF2E122-EF4B-11E0-9594-002618861ED1}.Release|Mixed Platforms.ActiveCfg = Release|Win32
		{6BF2E122-EF4B-11E0-9594-002618861ED1}.Release|Mixed Platforms.Build.0 = Release|Win32
		{6BF2E122-EF4B-11E0-9594-002618861ED1}.Release|Win32.ActiveCfg = Release|Win32
		{6BF2E122-EF4B-11E0-9594-002618861ED1}.Release|Win32.Build.0 = Release|Win32
		{6BF2E122-EF4B-11E0-9594-002618861ED1}.Release|x64.ActiveCfg = Release|x64
		{6BF2E122-EF4B-11E0-9594-002618861ED1}.Release|x64.Build.0 = Release|x64
		{49BA32AE-FC44-11E0-BDB9-002618861ED1}.Debug|Mixed Platforms.ActiveCfg = Debug|Win32
		{49BA32AE-FC44-11E0-BDB9-002618861ED1}.Debug|Mixed Platforms.Build.0 = Debug|Win32
		{49BA32AE-FC44-11E0-BDB9-002618861ED1}.Debug|Win32.ActiveCfg = Debug|Win32
		{49BA32AE-FC44-11E0-BDB9-002618861ED1}.Debug|Win32.Build.0 = Debug|Win32
		{49BA32AE-FC44-11E0-BDB9-002618861ED1}.Debug|x64.ActiveCfg = Debug|x64
		{49BA32AE-FC44-11E0-BDB9-002618861ED1}.Debug|x64.Build.0 = Debug|x64
		{49BA32AE-FC44-11E0-BDB9-002618861ED1}.Release|Mixed Platforms.ActiveCfg = Release|Win32
		{49BA32AE-FC44-11E0-BDB9-002618861ED1}.Release|Mixed Platforms.Build.0 = Release|Win32
		{49BA32AE-FC44-11E0-BDB9-002618861ED1}.Release|Win32.ActiveCfg = Release|Win32
		{49BA32AE-FC44-11E0-BDB9-002618861ED1}.Release|Win32.Build.0 = Release|Win32
		{49BA32AE-FC44-11E0-BDB9-002618861ED1}.Release|x64.ActiveCfg = Release|x64
		{49BA32AE-FC44-11E0-BDB9-002618861ED1}.Release|x64.Build.0 = Release|x64
		{045195F0-FC4A-11E0-BFF4-002618861ED1}.Debug|Mixed Platforms.ActiveCfg = Debug|Win32
		{045195F0-FC4A-11E0-BFF4-002618861ED1}.Debug|Mixed Platforms.Build.0 = Debug|Win32
		{045195F0-FC4A-11E0-BFF4-002618861ED1}.Debug|Win32.ActiveCfg = Debug|Win32
		{045195F0-FC4A-11E0-BFF4-002618861ED1}.Debug|Win32.Build.0 = Debug|Win32
		{045195F0-FC4A-11E0-BFF4-002618861ED1}.Debug|x64.ActiveCfg = Debug|x64
		{045195F0-FC4A-11E0-BFF4-002618861ED1}.Debug|x64.Build.0 = Debug|x64
		{045195F0-FC4A-11E0-BFF4-002618861ED1}.Release|Mixed Platforms.ActiveCfg = Release|Win32
		{045195F0-FC4A-11E0-BFF4-002618861ED1}.Release|Mixed Platforms.Build.0 = Release|Win32
		{045195F0-FC4A-11E0-BFF4-002618861ED1}.Release|Win32.ActiveCfg = Release|Win32
		{045195F0-FC4A-11E0-BFF4-002618861ED1}.Release|Win32.Build.0 = Release|Win32
		{045195F0-FC4A-11E0-BFF4-002618861ED1}.Release|x64.ActiveCfg = Release|x64
		{045195F0-FC4A-11E0-BFF4-002618861ED1}.Release|x64.Build.0 = Release|x64
		{39DE2FA2-FC84-11E0-A9A9-002618861ED1}.Debug|Mixed Platforms.ActiveCfg = Debug|Win32
		{39DE2FA2-FC84-11E0-A9A9-002618861ED1}.Debug|Mixed Platforms.Build.0 = Debug|Win32
		{39DE2FA2-FC84-11E0-A9A9-002618861ED1}.Debug|Win32.ActiveCfg = Debug|Win32
		{39DE2FA2-FC84-11E0-A9A9-002618861ED1}.Debug|Win32.Build.0 = Debug|Win32
		{39DE2FA2-FC84-11E0-A9A9-002618861ED1}.Debug|x64.ActiveCfg = Debug|x64
		{39DE2FA2-FC84-11E0-A9A9-002618861ED1}.Debug|x64.Build.0 = Debug|x64
		{39DE2FA2-FC84-11E0-A9A9-002618861ED1}.Release|Mixed Platforms.ActiveCfg = Release|Win32
		{39DE2FA2-FC84-11E0-A9A9-002618861ED1}.Release|Mixed Platforms.Build.0 = Release|Win32
		{39DE2FA2-FC84-11E0-A9A9-002618861ED1}.Release|Win32.ActiveCfg = Release|Win32
		{39DE2FA2-FC84-11E0-A9A9-002618861ED1}.Release|Win32.Build.0 = Release|Win32
		{39DE2FA2-FC84-11E0-A9A9-002618861ED1}.Release|x64.ActiveCfg = Release|x64
		{39DE2FA2-FC84-11E0-A9A9-002618861ED1}.Release|x64.Build.0 = Release|x64
		{DDB8FB1E-FC91-11E0-8F8D-002618861ED1}.Debug|Mixed Platforms.ActiveCfg = Debug|Win32
		{DDB8FB1E-FC91-11E0-8F8D-002618861ED1}.Debug|Mixed Platforms.Build.0 = Debug|Win32
		{DDB8FB1E-FC91-11E0-8F8D-002618861ED1}.Debug|Win32.ActiveCfg = Debug|Win32
		{DDB8FB1E-FC91-11E0-8F8D-002618861ED1}.Debug|Win32.Build.0 = Debug|Win32
		{DDB8FB1E-FC91-11E0-8F8D-002618861ED1}.Debug|x64.ActiveCfg = Debug|x64
		{DDB8FB1E-FC91-11E0-8F8D-002618861ED1}.Debug|x64.Build.0 = Debug|x64
		{DDB8FB1E-FC91-11E0-8F8D-002618861ED1}.Release|Mixed Platforms.ActiveCfg = Release|Win32
		{DDB8FB1E-FC91-11E0-8F8D-002618861ED1}.Release|Mixed Platforms.Build.0 = Release|Win32
		{DDB8FB1E-FC91-11E0-8F8D-002618861ED1}.Release|Win32.ActiveCfg = Release|Win32
		{DDB8FB1E-FC91-11E0-8F8D-002618861ED1}.Release|Win32.Build.0 = Release|Win32
		{DDB8FB1E-FC91-11E0-8F8D-002618861ED1}.Release|x64.ActiveCfg = Release|x64
		{DDB8FB1E-FC91-11E0-8F8D-002618861ED1}.Release|x64.Build.0 = Release|x64
		{479F0F80-0155-11E1-8D3F-002618861ED1}.Debug|Mixed Platforms.ActiveCfg = Debug|Win32
		{479F0F80-0155-11E1-8D3F-002618861ED1}.Debug|Mixed Platforms.Build.0 = Debug|Win32
		{479F0F80-0155-11E1-8D3F-002618861ED1}.Debug|Win32.ActiveCfg = Debug|Win32
		{479F0F80-0155-11E1-8D3F-002618861ED1}.Debug|Win32.Build.0 = Debug|Win32
		{479F0F80-0155-11E1-8D3F-002618861ED1}.Debug|x64.ActiveCfg = Debug|x64
		{479F0F80-0155-11E1-8D3F-002618861ED1}.Debug|x64.Build.0 = Debug|x64
		{479F0F80-0155-11E1-8D3F-002618861ED1}.Release|Mixed Platforms.ActiveCfg = Release|Win32
		{479F0F80-0155-11E1-8D3F-002618861ED1}.Release|Mixed Platforms.Build.0 = Release|Win32
		{479F0F80-0155-11E1-8D3F-002618861ED1}.Release|Win32.ActiveCfg = Release|Win32
		{479F0F80-0155-11E1-8D3F-002618861ED1}.Release|Win32.Build.0 = Release|Win32
		{479F0F80-0155-11E1-8D3F-002618861ED1}.Release|x64.ActiveCfg = Release|x64
		{479F0F80-0155-11E1-8D3F-002618861ED1}.Release|x64.Build.0 = Release|x64
		{A39142C0-016B-11E1-B6B5-002618861ED1}.Debug|Mixed Platforms.ActiveCfg = Debug|Win32
		{A39142C0-016B-11E1-B6B5-002618861ED1}.Debug|Mixed Platforms.Build.0 = Debug|Win32
		{A39142C0-016B-11E1-B6B5-002618861ED1}.Debug|Win32.ActiveCfg = Debug|Win32
		{A39142C0-016B-11E1-B6B5-002618861ED1}.Debug|Win32.Build.0 = Debug|Win32
		{A39142C0-016B-11E1-B6B5-002618861ED1}.Debug|x64.ActiveCfg = Debug|x64
		{A39142C0-016B-11E1-B6B5-002618861ED1}.Debug|x64.Build.0 = Debug|x64
		{A39142C0-016B-11E1-B6B5-002618861ED1}.Release|Mixed Platforms.ActiveCfg = Release|Win32
		{A39142C0-016B-11E1-B6B5-002618861ED1}.Release|Mixed Platforms.Build.0 = Release|Win32
		{A39142C0-016B-11E1-B6B5-002618861ED1}.Release|Win32.ActiveCfg = Release|Win32
		{A39142C0-016B-11E1-B6B5-002618861ED1}.Release|Win32.Build.0 = Release|Win32
		{A39142C0-016B-11E1-B6B5-002618861ED1}.Release|x64.ActiveCfg = Release|x64
		{A39142C0-016B-11E1-B6B5-002618861ED1}.Release|x64.Build.0 = Release|x64
		{95DF9A62-126D-11E1-BD94-002618861ED1}.Debug|Mixed Platforms.ActiveCfg = Debug|Win32
		{95DF9A62-126D-11E1-BD94-002618861ED1}.Debug|Mixed Platforms.Build.0 = Debug|Win32
		{95DF9A62-126D-11E1-BD94-002618861ED1}.Debug|Win32.ActiveCfg = Debug|Win32
		{95DF9A62-126D-11E1-BD94-002618861ED1}.Debug|Win32.Build.0 = Debug|Win32
		{95DF9A62-126D-11E1-BD94-002618861ED1}.Debug|x64.ActiveCfg = Debug|x64
		{95DF9A62-126D-11E1-BD94-002618861ED1}.Debug|x64.Build.0 = Debug|x64
		{95DF9A62-126D-11E1-BD94-002618861ED1}.Release|Mixed Platforms.ActiveCfg = Release|Win32
		{95DF9A62-126D-11E1-BD94-002618861ED1}.Release|Mixed Platforms.Build.0 = Release|Win32
		{95DF9A62-126D-11E1-BD94-002618861ED1}.Release|Win32.ActiveCfg = Release|Win32
		{95DF9A62-126D-11E1-BD94-002618861ED1}.Release|Win32.Build.0 = Release|Win32
		{95DF9A62-126D-11E1-BD94-002618861ED1}.Release|x64.ActiveCfg = Release|x64
		{95DF9A62-126D-11E1-BD94-002618861ED1}.Release|x64.Build.0 = Release|x64
		{7D7C511E-126D-11E1-A82E-002618861ED1}.Debug|Mixed Platforms.ActiveCfg = Debug|Win32
		{7D7C511E-126D-11E1-A82E-002618861ED1}.Debug|Mixed Platforms.Build.0 = Debug|Win32
		{7D7C511E-126D-11E1-A82E-002618861ED1}.Debug|Win32.ActiveCfg = Debug|Win32
		{7D7C511E-126D-11E1-A82E-002618861ED1}.Debug|Win32.Build.0 = Debug|Win32
		{7D7C511E-126D-11E1-A82E-002618861ED1}.Debug|x64.ActiveCfg = Debug|x64
		{7D7C511E-126D-11E1-A82E-002618861ED1}.Debug|x64.Build.0 = Debug|x64
		{7D7C511E-126D-11E1-A82E-002618861ED1}.Release|Mixed Platforms.ActiveCfg = Release|Win32
		{7D7C511E-126D-11E1-A82E-002618861ED1}.Release|Mixed Platforms.Build.0 = Release|Win32
		{7D7C511E-126D-11E1-A82E-002618861ED1}.Release|Win32.ActiveCfg = Release|Win32
		{7D7C511E-126D-11E1-A82E-002618861ED1}.Release|Win32.Build.0 = Release|Win32
		{7D7C511E-126D-11E1-A82E-002618861ED1}.Release|x64.ActiveCfg = Release|x64
		{7D7C511E-126D-11E1-A82E-002618861ED1}.Release|x64.Build.0 = Release|x64
		{4B61AAE2-126E-11E1-A509-002618861ED1}.Debug|Mixed Platforms.ActiveCfg = Debug|Win32
		{4B61AAE2-126E-11E1-A509-002618861ED1}.Debug|Mixed Platforms.Build.0 = Debug|Win32
		{4B61AAE2-126E-11E1-A509-002618861ED1}.Debug|Win32.ActiveCfg = Debug|Win32
		{4B61AAE2-126E-11E1-A509-002618861ED1}.Debug|Win32.Build.0 = Debug|Win32
		{4B61AAE2-126E-11E1-A509-002618861ED1}.Debug|x64.ActiveCfg = Debug|x64
		{4B61AAE2-126E-11E1-A509-002618861ED1}.Debug|x64.Build.0 = Debug|x64
		{4B61AAE2-126E-11E1-A509-002618861ED1}.Release|Mixed Platforms.ActiveCfg = Release|Win32
		{4B61AAE2-126E-11E1-A509-002618861ED1}.Release|Mixed Platforms.Build.0 = Release|Win32
		{4B61AAE2-126E-11E1-A509-002618861ED1}.Release|Win32.ActiveCfg = Release|Win32
		{4B61AAE2-126E-11E1-A509-002618861ED1}.Release|Win32.Build.0 = Release|Win32
		{4B61AAE2-126E-11E1-A509-002618861ED1}.Release|x64.ActiveCfg = Release|x64
		{4B61AAE2-126E-11E1-A509-002618861ED1}.Release|x64.Build.0 = Release|x64
		{5C8F1910-126E-11E1-A3C2-002618861ED1}.Debug|Mixed Platforms.ActiveCfg = Debug|Win32
		{5C8F1910-126E-11E1-A3C2-002618861ED1}.Debug|Mixed Platforms.Build.0 = Debug|Win32
		{5C8F1910-126E-11E1-A3C2-002618861ED1}.Debug|Win32.ActiveCfg = Debug|Win32
		{5C8F1910-126E-11E1-A3C2-002618861ED1}.Debug|Win32.Build.0 = Debug|Win32
		{5C8F1910-126E-11E1-A3C2-002618861ED1}.Debug|x64.ActiveCfg = Debug|x64
		{5C8F1910-126E-11E1-A3C2-002618861ED1}.Debug|x64.Build.0 = Debug|x64
		{5C8F1910-126E-11E1-A3C2-002618861ED1}.Release|Mixed Platforms.ActiveCfg = Release|Win32
		{5C8F1910-126E-11E1-A3C2-002618861ED1}.Release|Mixed Platforms.Build.0 = Release|Win32
		{5C8F1910-126E-11E1-A3C2-002618861ED1}.Release|Win32.ActiveCfg = Release|Win32
		{5C8F1910-126E-11E1-A3C2-002618861ED1}.Release|Win32.Build.0 = Release|Win32
		{5C8F1910-126E-11E1-A3C2-002618861ED1}.Release|x64.ActiveCfg = Release|x64
		{5C8F1910-126E-11E1-A3C2-002618861ED1}.Release|x64.Build.0 = Release|x64
		{E39E7780-1281-11E1-9E30-002618861ED1}.Debug|Mixed Platforms.ActiveCfg = Debug|Win32
		{E39E7780-1281-11E1-9E30-002618861ED1}.Debug|Mixed Platforms.Build.0 = Debug|Win32
		{E39E7780-1281-11E1-9E30-002618861ED1}.Debug|Win32.ActiveCfg = Debug|Win32
		{E39E7780-1281-11E1-9E30-002618861ED1}.Debug|Win32.Build.0 = Debug|Win32
		{E39E7780-1281-11E1-9E30-002618861ED1}.Debug|x64.ActiveCfg = Debug|x64
		{E39E7780-1281-11E1-9E30-002618861ED1}.Debug|x64.Build.0 = Debug|x64
		{E39E7780-1281-11E1-9E30-002618861ED1}.Release|Mixed Platforms.ActiveCfg = Release|Win32
		{E39E7780-1281-11E1-9E30-002618861ED1}.Release|Mixed Platforms.Build.0 = Release|Win32
		{E39E7780-1281-11E1-9E30-002618861ED1}.Release|Win32.ActiveCfg = Release|Win32
		{E39E7780-1281-11E1-9E30-002618861ED1}.Release|Win32.Build.0 = Release|Win32
		{E39E7780-1281-11E1-9E30-002618861ED1}.Release|x64.ActiveCfg = Release|x64
		{E39E7780-1281-11E1-9E30-002618861ED1}.Release|x64.Build.0 = Release|x64
		{36D8C592-1282-11E1-9073-002618861ED1}.Debug|Mixed Platforms.ActiveCfg = Debug|Win32
		{36D8C592-1282-11E1-9073-002618861ED1}.Debug|Mixed Platforms.Build.0 = Debug|Win32
		{36D8C592-1282-11E1-9073-002618861ED1}.Debug|Win32.ActiveCfg = Debug|Win32
		{36D8C592-1282-11E1-9073-002618861ED1}.Debug|Win32.Build.0 = Debug|Win32
		{36D8C592-1282-11E1-9073-002618861ED1}.Debug|x64.ActiveCfg = Debug|x64
		{36D8C592-1282-11E1-9073-002618861ED1}.Debug|x64.Build.0 = Debug|x64
		{36D8C592-1282-11E1-9073-002618861ED1}.Release|Mixed Platforms.ActiveCfg = Release|Win32
		{36D8C592-1282-11E1-9073-002618861ED1}.Release|Mixed Platforms.Build.0 = Release|Win32
		{36D8C592-1282-11E1-9073-002618861ED1}.Release|Win32.ActiveCfg = Release|Win32
		{36D8C592-1282-11E1-9073-002618861ED1}.Release|Win32.Build.0 = Release|Win32
		{36D8C592-1282-11E1-9073-002618861ED1}.Release|x64.ActiveCfg = Release|x64
		{36D8C592-1282-11E1-9073-002618861ED1}.Release|x64.Build.0 = Release|x64
		{42DAA7A2-1282-11E1-ADD9-002618861ED1}.Debug|Mixed Platforms.ActiveCfg = Debug|Win32
		{42DAA7A2-1282-11E1-ADD9-002618861ED1}.Debug|Mixed Platforms.Build.0 = Debug|Win32
		{42DAA7A2-1282-11E1-ADD9-002618861ED1}.Debug|Win32.ActiveCfg = Debug|Win32
		{42DAA7A2-1282-11E1-ADD9-002618861ED1}.Debug|Win32.Build.0 = Debug|Win32
		{42DAA7A2-1282-11E1-ADD9-002618861ED1}.Debug|x64.ActiveCfg = Debug|x64
		{42DAA7A2-1282-11E1-ADD9-002618861ED1}.Debug|x64.Build.0 = Debug|x64
		{42DAA7A2-1282-11E1-ADD9-002618861ED1}.Release|Mixed Platforms.ActiveCfg = Release|Win32
		{42DAA7A2-1282-11E1-ADD9-002618861ED1}.Release|Mixed Platforms.Build.0 = Release|Win32
		{42DAA7A2-1282-11E1-ADD9-002618861ED1}.Release|Win32.ActiveCfg = Release|Win32
		{42DAA7A2-1282-11E1-ADD9-002618861ED1}.Release|Win32.Build.0 = Release|Win32
		{42DAA7A2-1282-11E1-ADD9-002618861ED1}.Release|x64.ActiveCfg = Release|x64
		{42DAA7A2-1282-11E1-ADD9-002618861ED1}.Release|x64.Build.0 = Release|x64
		{0DAE22F0-1282-11E1-9026-002618861ED1}.Debug|Mixed Platforms.ActiveCfg = Debug|Win32
		{0DAE22F0-1282-11E1-9026-002618861ED1}.Debug|Mixed Platforms.Build.0 = Debug|Win32
		{0DAE22F0-1282-11E1-9026-002618861ED1}.Debug|Win32.ActiveCfg = Debug|Win32
		{0DAE22F0-1282-11E1-9026-002618861ED1}.Debug|Win32.Build.0 = Debug|Win32
		{0DAE22F0-1282-11E1-9026-002618861ED1}.Debug|x64.ActiveCfg = Debug|x64
		{0DAE22F0-1282-11E1-9026-002618861ED1}.Debug|x64.Build.0 = Debug|x64
		{0DAE22F0-1282-11E1-9026-002618861ED1}.Release|Mixed Platforms.ActiveCfg = Release|Win32
		{0DAE22F0-1282-11E1-9026-002618861ED1}.Release|Mixed Platforms.Build.0 = Release|Win32
		{0DAE22F0-1282-11E1-9026-002618861ED1}.Release|Win32.ActiveCfg = Release|Win32
		{0DAE22F0-1282-11E1-9026-002618861ED1}.Release|Win32.Build.0 = Release|Win32
		{0DAE22F0-1282-11E1-9026-002618861ED1}.Release|x64.ActiveCfg = Release|x64
		{0DAE22F0-1282-11E1-9026-002618861ED1}.Release|x64.Build.0 = Release|x64
		{9ED88030-1283-11E1-A6C0-002618861ED1}.Debug|Mixed Platforms.ActiveCfg = Debug|Win32
		{9ED88030-1283-11E1-A6C0-002618861ED1}.Debug|Mixed Platforms.Build.0 = Debug|Win32
		{9ED88030-1283-11E1-A6C0-002618861ED1}.Debug|Win32.ActiveCfg = Debug|Win32
		{9ED88030-1283-11E1-A6C0-002618861ED1}.Debug|Win32.Build.0 = Debug|Win32
		{9ED88030-1283-11E1-A6C0-002618861ED1}.Debug|x64.ActiveCfg = Debug|x64
		{9ED88030-1283-11E1-A6C0-002618861ED1}.Debug|x64.Build.0 = Debug|x64
		{9ED88030-1283-11E1-A6C0-002618861ED1}.Release|Mixed Platforms.ActiveCfg = Release|Win32
		{9ED88030-1283-11E1-A6C0-002618861ED1}.Release|Mixed Platforms.Build.0 = Release|Win32
		{9ED88030-1283-11E1-A6C0-002618861ED1}.Release|Win32.ActiveCfg = Release|Win32
		{9ED88030-1283-11E1-A6C0-002618861ED1}.Release|Win32.Build.0 = Release|Win32
		{9ED88030-1283-11E1-A6C0-002618861ED1}.Release|x64.ActiveCfg = Release|x64
		{9ED88030-1283-11E1-A6C0-002618861ED1}.Release|x64.Build.0 = Release|x64
		{332BDF9E-1281-11E1-A6A3-002618861ED1}.Debug|Mixed Platforms.ActiveCfg = Debug|Win32
		{332BDF9E-1281-11E1-A6A3-002618861ED1}.Debug|Mixed Platforms.Build.0 = Debug|Win32
		{332BDF9E-1281-11E1-A6A3-002618861ED1}.Debug|Win32.ActiveCfg = Debug|Win32
		{332BDF9E-1281-11E1-A6A3-002618861ED1}.Debug|Win32.Build.0 = Debug|Win32
		{332BDF9E-1281-11E1-A6A3-002618861ED1}.Debug|x64.ActiveCfg = Debug|x64
		{332BDF9E-1281-11E1-A6A3-002618861ED1}.Debug|x64.Build.0 = Debug|x64
		{332BDF9E-1281-11E1-A6A3-002618861ED1}.Release|Mixed Platforms.ActiveCfg = Release|Win32
		{332BDF9E-1281-11E1-A6A3-002618861ED1}.Release|Mixed Platforms.Build.0 = Release|Win32
		{332BDF9E-1281-11E1-A6A3-002618861ED1}.Release|Win32.ActiveCfg = Release|Win32
		{332BDF9E-1281-11E1-A6A3-002618861ED1}.Release|Win32.Build.0 = Release|Win32
		{332BDF9E-1281-11E1-A6A3-002618861ED1}.Release|x64.ActiveCfg = Release|x64
		{332BDF9E-1281-11E1-A6A3-002618861ED1}.Release|x64.Build.0 = Release|x64
		{8A08E500-1283-11E1-AED1-002618861ED1}.Debug|Mixed Platforms.ActiveCfg = Debug|Win32
		{8A08E500-1283-11E1-AED1-002618861ED1}.Debug|Mixed Platforms.Build.0 = Debug|Win32
		{8A08E500-1283-11E1-AED1-002618861ED1}.Debug|Win32.ActiveCfg = Debug|Win32
		{8A08E500-1283-11E1-AED1-002618861ED1}.Debug|Win32.Build.0 = Debug|Win32
		{8A08E500-1283-11E1-AED1-002618861ED1}.Debug|x64.ActiveCfg = Debug|x64
		{8A08E500-1283-11E1-AED1-002618861ED1}.Debug|x64.Build.0 = Debug|x64
		{8A08E500-1283-11E1-AED1-002618861ED1}.Release|Mixed Platforms.ActiveCfg = Release|Win32
		{8A08E500-1283-11E1-AED1-002618861ED1}.Release|Mixed Platforms.Build.0 = Release|Win32
		{8A08E500-1283-11E1-AED1-002618861ED1}.Release|Win32.ActiveCfg = Release|Win32
		{8A08E500-1283-11E1-AED1-002618861ED1}.Release|Win32.Build.0 = Release|Win32
		{8A08E500-1283-11E1-AED1-002618861ED1}.Release|x64.ActiveCfg = Release|x64
		{8A08E500-1283-11E1-AED1-002618861ED1}.Release|x64.Build.0 = Release|x64
		{A90C511E-2E9F-11E1-850A-002618861ED1}.Debug|Mixed Platforms.ActiveCfg = Debug|Win32
		{A90C511E-2E9F-11E1-850A-002618861ED1}.Debug|Mixed Platforms.Build.0 = Debug|Win32
		{A90C511E-2E9F-11E1-850A-002618861ED1}.Debug|Win32.ActiveCfg = Debug|Win32
		{A90C511E-2E9F-11E1-850A-002618861ED1}.Debug|Win32.Build.0 = Debug|Win32
		{A90C511E-2E9F-11E1-850A-002618861ED1}.Debug|x64.ActiveCfg = Debug|x64
		{A90C511E-2E9F-11E1-850A-002618861ED1}.Debug|x64.Build.0 = Debug|x64
		{A90C511E-2E9F-11E1-850A-002618861ED1}.Release|Mixed Platforms.ActiveCfg = Release|Win32
		{A90C511E-2E9F-11E1-850A-002618861ED1}.Release|Mixed Platforms.Build.0 = Release|Win32
		{A90C511E-2E9F-11E1-850A-002618861ED1}.Release|Win32.ActiveCfg = Release|Win32
		{A90C511E-2E9F-11E1-850A-002618861ED1}.Release|Win32.Build.0 = Release|Win32
		{A90C511E-2E9F-11E1-850A-002618861ED1}.Release|x64.ActiveCfg = Release|x64
		{A90C511E-2E9F-11E1-850A-002618861ED1}.Release|x64.Build.0 = Release|x64
		{E888C222-2E9F-11E1-A329-002618861ED1}.Debug|Mixed Platforms.ActiveCfg = Debug|Win32
		{E888C222-2E9F-11E1-A329-002618861ED1}.Debug|Mixed Platforms.Build.0 = Debug|Win32
		{E888C222-2E9F-11E1-A329-002618861ED1}.Debug|Win32.ActiveCfg = Debug|Win32
		{E888C222-2E9F-11E1-A329-002618861ED1}.Debug|Win32.Build.0 = Debug|Win32
		{E888C222-2E9F-11E1-A329-002618861ED1}.Debug|x64.ActiveCfg = Debug|x64
		{E888C222-2E9F-11E1-A329-002618861ED1}.Debug|x64.Build.0 = Debug|x64
		{E888C222-2E9F-11E1-A329-002618861ED1}.Release|Mixed Platforms.ActiveCfg = Release|Win32
		{E888C222-2E9F-11E1-A329-002618861ED1}.Release|Mixed Platforms.Build.0 = Release|Win32
		{E888C222-2E9F-11E1-A329-002618861ED1}.Release|Win32.ActiveCfg = Release|Win32
		{E888C222-2E9F-11E1-A329-002618861ED1}.Release|Win32.Build.0 = Release|Win32
		{E888C222-2E9F-11E1-A329-002618861ED1}.Release|x64.ActiveCfg = Release|x64
		{E888C222-2E9F-11E1-A329-002618861ED1}.Release|x64.Build.0 = Release|x64
		{4146DCE2-326E-11E1-98DF-002618861ED1}.Debug|Mixed Platforms.ActiveCfg = Debug|Win32
		{4146DCE2-326E-11E1-98DF-002618861ED1}.Debug|Mixed Platforms.Build.0 = Debug|Win32
		{4146DCE2-326E-11E1-98DF-002618861ED1}.Debug|Win32.ActiveCfg = Debug|Win32
		{4146DCE2-326E-11E1-98DF-002618861ED1}.Debug|Win32.Build.0 = Debug|Win32
		{4146DCE2-326E-11E1-98DF-002618861ED1}.Debug|x64.ActiveCfg = Debug|x64
		{4146DCE2-326E-11E1-98DF-002618861ED1}.Debug|x64.Build.0 = Debug|x64
		{4146DCE2-326E-11E1-98DF-002618861ED1}.Release|Mixed Platforms.ActiveCfg = Release|Win32
		{4146DCE2-326E-11E1-98DF-002618861ED1}.Release|Mixed Platforms.Build.0 = Release|Win32
		{4146DCE2-326E-11E1-98DF-002618861ED1}.Release|Win32.ActiveCfg = Release|Win32
		{4146DCE2-326E-11E1-98DF-002618861ED1}.Release|Win32.Build.0 = Release|Win32
		{4146DCE2-326E-11E1-98DF-002618861ED1}.Release|x64.ActiveCfg = Release|x64
		{4146DCE2-326E-11E1-98DF-002618861ED1}.Release|x64.Build.0 = Release|x64
		{5DE3B7DE-32C0-11E1-846E-002618861ED1}.Debug|Mixed Platforms.ActiveCfg = Debug|Win32
		{5DE3B7DE-32C0-11E1-846E-002618861ED1}.Debug|Mixed Platforms.Build.0 = Debug|Win32
		{5DE3B7DE-32C0-11E1-846E-002618861ED1}.Debug|Win32.ActiveCfg = Debug|Win32
		{5DE3B7DE-32C0-11E1-846E-002618861ED1}.Debug|Win32.Build.0 = Debug|Win32
		{5DE3B7DE-32C0-11E1-846E-002618861ED1}.Debug|x64.ActiveCfg = Debug|x64
		{5DE3B7DE-32C0-11E1-846E-002618861ED1}.Debug|x64.Build.0 = Debug|x64
		{5DE3B7DE-32C0-11E1-846E-002618861ED1}.Release|Mixed Platforms.ActiveCfg = Release|Win32
		{5DE3B7DE-32C0-11E1-846E-002618861ED1}.Release|Mixed Platforms.Build.0 = Release|Win32
		{5DE3B7DE-32C0-11E1-846E-002618861ED1}.Release|Win32.ActiveCfg = Release|Win32
		{5DE3B7DE-32C0-11E1-846E-002618861ED1}.Release|Win32.Build.0 = Release|Win32
		{5DE3B7DE-32C0-11E1-846E-002618861ED1}.Release|x64.ActiveCfg = Release|x64
		{5DE3B7DE-32C0-11E1-846E-002618861ED1}.Release|x64.Build.0 = Release|x64
		{2B19CF6E-31BC-11E1-AAE3-002618861ED1}.Debug|Mixed Platforms.ActiveCfg = Debug|Win32
		{2B19CF6E-31BC-11E1-AAE3-002618861ED1}.Debug|Mixed Platforms.Build.0 = Debug|Win32
		{2B19CF6E-31BC-11E1-AAE3-002618861ED1}.Debug|Win32.ActiveCfg = Debug|Win32
		{2B19CF6E-31BC-11E1-AAE3-002618861ED1}.Debug|Win32.Build.0 = Debug|Win32
		{2B19CF6E-31BC-11E1-AAE3-002618861ED1}.Debug|x64.ActiveCfg = Debug|x64
		{2B19CF6E-31BC-11E1-AAE3-002618861ED1}.Debug|x64.Build.0 = Debug|x64
		{2B19CF6E-31BC-11E1-AAE3-002618861ED1}.Release|Mixed Platforms.ActiveCfg = Release|Win32
		{2B19CF6E-31BC-11E1-AAE3-002618861ED1}.Release|Mixed Platforms.Build.0 = Release|Win32
		{2B19CF6E-31BC-11E1-AAE3-002618861ED1}.Release|Win32.ActiveCfg = Release|Win32
		{2B19CF6E-31BC-11E1-AAE3-002618861ED1}.Release|Win32.Build.0 = Release|Win32
		{2B19CF6E-31BC-11E1-AAE3-002618861ED1}.Release|x64.ActiveCfg = Release|x64
		{2B19CF6E-31BC-11E1-AAE3-002618861ED1}.Release|x64.Build.0 = Release|x64
		{C24385C0-391F-11E1-9D51-C66CAB017A67}.Debug|Mixed Platforms.ActiveCfg = Debug|Win32
		{C24385C0-391F-11E1-9D51-C66CAB017A67}.Debug|Mixed Platforms.Build.0 = Debug|Win32
		{C24385C0-391F-11E1-9D51-C66CAB017A67}.Debug|Win32.ActiveCfg = Debug|Win32
		{C24385C0-391F-11E1-9D51-C66CAB017A67}.Debug|Win32.Build.0 = Debug|Win32
		{C24385C0-391F-11E1-9D51-C66CAB017A67}.Debug|x64.ActiveCfg = Debug|x64
		{C24385C0-391F-11E1-9D51-C66CAB017A67}.Debug|x64.Build.0 = Debug|x64
		{C24385C0-391F-11E1-9D51-C66CAB017A67}.Release|Mixed Platforms.ActiveCfg = Release|Win32
		{C24385C0-391F-11E1-9D51-C66CAB017A67}.Release|Mixed Platforms.Build.0 = Release|Win32
		{C24385C0-391F-11E1-9D51-C66CAB017A67}.Release|Win32.ActiveCfg = Release|Win32
		{C24385C0-391F-11E1-9D51-C66CAB017A67}.Release|Win32.Build.0 = Release|Win32
		{C24385C0-391F-11E1-9D51-C66CAB017A67}.Release|x64.ActiveCfg = Release|x64
		{C24385C0-391F-11E1-9D51-C66CAB017A67}.Release|x64.Build.0 = Release|x64
		{B1AD40F0-4F38-11E1-9313-002618861ED1}.Debug|Mixed Platforms.ActiveCfg = Debug|Win32
		{B1AD40F0-4F38-11E1-9313-002618861ED1}.Debug|Mixed Platforms.Build.0 = Debug|Win32
		{B1AD40F0-4F38-11E1-9313-002618861ED1}.Debug|Win32.ActiveCfg = Debug|Win32
		{B1AD40F0-4F38-11E1-9313-002618861ED1}.Debug|Win32.Build.0 = Debug|Win32
		{B1AD40F0-4F38-11E1-9313-002618861ED1}.Debug|x64.ActiveCfg = Debug|x64
		{B1AD40F0-4F38-11E1-9313-002618861ED1}.Debug|x64.Build.0 = Debug|x64
		{B1AD40F0-4F38-11E1-9313-002618861ED1}.Release|Mixed Platforms.ActiveCfg = Release|Win32
		{B1AD40F0-4F38-11E1-9313-002618861ED1}.Release|Mixed Platforms.Build.0 = Release|Win32
		{B1AD40F0-4F38-11E1-9313-002618861ED1}.Release|Win32.ActiveCfg = Release|Win32
		{B1AD40F0-4F38-11E1-9313-002618861ED1}.Release|Win32.Build.0 = Release|Win32
		{B1AD40F0-4F38-11E1-9313-002618861ED1}.Release|x64.ActiveCfg = Release|x64
		{B1AD40F0-4F38-11E1-9313-002618861ED1}.Release|x64.Build.0 = Release|x64
	EndGlobalSection
	GlobalSection(SolutionProperties) = preSolution
		HideSolutionNode = FALSE
	EndGlobalSection
	GlobalSection(NestedProjects) = preSolution
		{AE19BC3D-37E5-4761-BCF1-F5332F20CE95} = {45D17D7C-DC33-4C64-B6AA-50CC177FF6A1}
		{D38E1BBA-9261-40AE-80C7-1AAB3BCCD193} = {AE19BC3D-37E5-4761-BCF1-F5332F20CE95}
		{FD8D1ECC-FB89-4F40-9C5C-1613F45F574C} = {D38E1BBA-9261-40AE-80C7-1AAB3BCCD193}
		{14A86699-52B7-4996-96C0-9C9F2A73DA59} = {D38E1BBA-9261-40AE-80C7-1AAB3BCCD193}
		{7DBC0FD1-C5E4-46A3-8C8C-8D9A74B9D0BC} = {D38E1BBA-9261-40AE-80C7-1AAB3BCCD193}
		{8B50DD55-F9DC-48FA-80C8-032F391A51E1} = {45D17D7C-DC33-4C64-B6AA-50CC177FF6A1}
		{16AF18B3-594E-473E-A8EE-F39D4363982E} = {D38E1BBA-9261-40AE-80C7-1AAB3BCCD193}
		{9E191D99-7AC2-4A07-B727-FDE322486207} = {D38E1BBA-9261-40AE-80C7-1AAB3BCCD193}
		{64C36B9D-9C38-4D0A-9540-2247CFC74F05} = {D38E1BBA-9261-40AE-80C7-1AAB3BCCD193}
		{863F93BE-F793-4E86-B14C-00CD1715D8FD} = {D38E1BBA-9261-40AE-80C7-1AAB3BCCD193}
		{3E008CBE-3BB3-4831-9E0E-77E4E9E86E8A} = {D38E1BBA-9261-40AE-80C7-1AAB3BCCD193}
		{C015AEE1-601F-4882-86BC-2BCC3002BA5E} = {D38E1BBA-9261-40AE-80C7-1AAB3BCCD193}
		{50EA8879-5CE1-4446-8193-950242B7E5C7} = {AE19BC3D-37E5-4761-BCF1-F5332F20CE95}
		{5718B3BF-DC5A-4656-A009-DC33C3D1E61F} = {50EA8879-5CE1-4446-8193-950242B7E5C7}
		{0BB17E1B-5B1C-495F-A883-63601695EA40} = {45D17D7C-DC33-4C64-B6AA-50CC177FF6A1}
		{E36DFBAE-DE77-4E03-8685-DE9AAE6380BB} = {FD8D1ECC-FB89-4F40-9C5C-1613F45F574C}
		{F43E3B0B-3862-4E45-A6FD-25F83E0150E1} = {FD8D1ECC-FB89-4F40-9C5C-1613F45F574C}
		{AE0C708D-78EC-4F77-B2FD-2D8F7FF7FF8E} = {FD8D1ECC-FB89-4F40-9C5C-1613F45F574C}
		{E08C4F50-E6AC-11E0-8E29-002618861ED1} = {FD8D1ECC-FB89-4F40-9C5C-1613F45F574C}
		{668DEFA2-E6B2-11E0-9F4E-002618861ED1} = {FD8D1ECC-FB89-4F40-9C5C-1613F45F574C}
		{07363652-E6B4-11E0-B3DA-002618861ED1} = {FD8D1ECC-FB89-4F40-9C5C-1613F45F574C}
		{C8C47B1E-E74E-11E0-8520-002618861ED1} = {FD8D1ECC-FB89-4F40-9C5C-1613F45F574C}
		{13427530-E74F-11E0-BB19-002618861ED1} = {FD8D1ECC-FB89-4F40-9C5C-1613F45F574C}
		{7E3EC370-E74F-11E0-B0A9-002618861ED1} = {FD8D1ECC-FB89-4F40-9C5C-1613F45F574C}
		{CCDA5C10-E74F-11E0-99C0-002618861ED1} = {FD8D1ECC-FB89-4F40-9C5C-1613F45F574C}
		{174172C0-E750-11E0-A476-002618861ED1} = {FD8D1ECC-FB89-4F40-9C5C-1613F45F574C}
		{71C76DD2-E750-11E0-9F61-002618861ED1} = {FD8D1ECC-FB89-4F40-9C5C-1613F45F574C}
		{AF09A640-E750-11E0-B125-002618861ED1} = {FD8D1ECC-FB89-4F40-9C5C-1613F45F574C}
		{F1313A10-E750-11E0-95C2-002618861ED1} = {FD8D1ECC-FB89-4F40-9C5C-1613F45F574C}
		{16A600A2-E751-11E0-8050-002618861ED1} = {FD8D1ECC-FB89-4F40-9C5C-1613F45F574C}
		{4F179E2E-E751-11E0-A156-002618861ED1} = {FD8D1ECC-FB89-4F40-9C5C-1613F45F574C}
		{7101B762-E751-11E0-8B5E-002618861ED1} = {FD8D1ECC-FB89-4F40-9C5C-1613F45F574C}
		{017B5CF0-EB5E-11E0-9A81-002618861ED1} = {14A86699-52B7-4996-96C0-9C9F2A73DA59}
		{DF336C50-EB5D-11E0-BECC-002618861ED1} = {14A86699-52B7-4996-96C0-9C9F2A73DA59}
		{B1FC9040-EB5D-11E0-91FD-002618861ED1} = {14A86699-52B7-4996-96C0-9C9F2A73DA59}
		{92C031F0-EB5D-11E0-9E66-002618861ED1} = {14A86699-52B7-4996-96C0-9C9F2A73DA59}
		{326B6C40-EB65-11E0-8F10-002618861ED1} = {9E191D99-7AC2-4A07-B727-FDE322486207}
		{251FA510-EB65-11E0-A147-002618861ED1} = {9E191D99-7AC2-4A07-B727-FDE322486207}
		{100C9840-EB65-11E0-8C5B-002618861ED1} = {9E191D99-7AC2-4A07-B727-FDE322486207}
		{D0FF0090-EB62-11E0-9149-002618861ED1} = {9E191D99-7AC2-4A07-B727-FDE322486207}
		{89457180-EBC1-11E0-BFCC-002618861ED1} = {64C36B9D-9C38-4D0A-9540-2247CFC74F05}
		{355A7012-EBCC-11E0-9A41-002618861ED1} = {863F93BE-F793-4E86-B14C-00CD1715D8FD}
		{28339600-EBCC-11E0-AB0A-002618861ED1} = {863F93BE-F793-4E86-B14C-00CD1715D8FD}
		{0B3D571E-EBCC-11E0-888A-002618861ED1} = {863F93BE-F793-4E86-B14C-00CD1715D8FD}
		{9DFBFADE-EBCB-11E0-86FF-002618861ED1} = {863F93BE-F793-4E86-B14C-00CD1715D8FD}
		{F27E73D2-EBE0-11E0-9143-002618861ED1} = {8B50DD55-F9DC-48FA-80C8-032F391A51E1}
		{EBBC9040-EBE0-11E0-B1B8-002618861ED1} = {8B50DD55-F9DC-48FA-80C8-032F391A51E1}
		{DF060430-EBE0-11E0-9FF1-002618861ED1} = {8B50DD55-F9DC-48FA-80C8-032F391A51E1}
		{C73054F0-EBE0-11E0-BB25-002618861ED1} = {8B50DD55-F9DC-48FA-80C8-032F391A51E1}
		{BF279980-EBE0-11E0-93DD-002618861ED1} = {8B50DD55-F9DC-48FA-80C8-032F391A51E1}
		{B0B41B30-EBE0-11E0-A7B5-002618861ED1} = {8B50DD55-F9DC-48FA-80C8-032F391A51E1}
		{A03F2790-EBE0-11E0-8DB9-002618861ED1} = {8B50DD55-F9DC-48FA-80C8-032F391A51E1}
		{94C6C0D0-EBE0-11E0-BD7F-002618861ED1} = {8B50DD55-F9DC-48FA-80C8-032F391A51E1}
		{832FE270-EBE0-11E0-82F9-002618861ED1} = {8B50DD55-F9DC-48FA-80C8-032F391A51E1}
		{D55D93C0-EBE6-11E0-935C-002618861ED1} = {16AF18B3-594E-473E-A8EE-F39D4363982E}
		{EDC34E00-EBE6-11E0-84E7-002618861ED1} = {16AF18B3-594E-473E-A8EE-F39D4363982E}
		{0ED45D92-EBED-11E0-940D-002618861ED1} = {16AF18B3-594E-473E-A8EE-F39D4363982E}
		{F59DE4D0-EBF7-11E0-BEDF-002618861ED1} = {16AF18B3-594E-473E-A8EE-F39D4363982E}
		{5614B1A2-EC15-11E0-8B91-002618861ED1} = {7DBC0FD1-C5E4-46A3-8C8C-8D9A74B9D0BC}
		{6BF2E122-EF4B-11E0-9594-002618861ED1} = {7DBC0FD1-C5E4-46A3-8C8C-8D9A74B9D0BC}
		{49BA32AE-FC44-11E0-BDB9-002618861ED1} = {7DBC0FD1-C5E4-46A3-8C8C-8D9A74B9D0BC}
		{045195F0-FC4A-11E0-BFF4-002618861ED1} = {7DBC0FD1-C5E4-46A3-8C8C-8D9A74B9D0BC}
		{39DE2FA2-FC84-11E0-A9A9-002618861ED1} = {7DBC0FD1-C5E4-46A3-8C8C-8D9A74B9D0BC}
		{DDB8FB1E-FC91-11E0-8F8D-002618861ED1} = {7DBC0FD1-C5E4-46A3-8C8C-8D9A74B9D0BC}
		{479F0F80-0155-11E1-8D3F-002618861ED1} = {7DBC0FD1-C5E4-46A3-8C8C-8D9A74B9D0BC}
		{A39142C0-016B-11E1-B6B5-002618861ED1} = {7DBC0FD1-C5E4-46A3-8C8C-8D9A74B9D0BC}
		{95DF9A62-126D-11E1-BD94-002618861ED1} = {3E008CBE-3BB3-4831-9E0E-77E4E9E86E8A}
		{7D7C511E-126D-11E1-A82E-002618861ED1} = {3E008CBE-3BB3-4831-9E0E-77E4E9E86E8A}
		{4B61AAE2-126E-11E1-A509-002618861ED1} = {3E008CBE-3BB3-4831-9E0E-77E4E9E86E8A}
		{5C8F1910-126E-11E1-A3C2-002618861ED1} = {3E008CBE-3BB3-4831-9E0E-77E4E9E86E8A}
		{E39E7780-1281-11E1-9E30-002618861ED1} = {C015AEE1-601F-4882-86BC-2BCC3002BA5E}
		{36D8C592-1282-11E1-9073-002618861ED1} = {C015AEE1-601F-4882-86BC-2BCC3002BA5E}
		{42DAA7A2-1282-11E1-ADD9-002618861ED1} = {C015AEE1-601F-4882-86BC-2BCC3002BA5E}
		{0DAE22F0-1282-11E1-9026-002618861ED1} = {C015AEE1-601F-4882-86BC-2BCC3002BA5E}
		{9ED88030-1283-11E1-A6C0-002618861ED1} = {C015AEE1-601F-4882-86BC-2BCC3002BA5E}
		{332BDF9E-1281-11E1-A6A3-002618861ED1} = {C015AEE1-601F-4882-86BC-2BCC3002BA5E}
		{8A08E500-1283-11E1-AED1-002618861ED1} = {C015AEE1-601F-4882-86BC-2BCC3002BA5E}
		{A90C511E-2E9F-11E1-850A-002618861ED1} = {7DBC0FD1-C5E4-46A3-8C8C-8D9A74B9D0BC}
		{E888C222-2E9F-11E1-A329-002618861ED1} = {7DBC0FD1-C5E4-46A3-8C8C-8D9A74B9D0BC}
		{4146DCE2-326E-11E1-98DF-002618861ED1} = {5718B3BF-DC5A-4656-A009-DC33C3D1E61F}
		{5DE3B7DE-32C0-11E1-846E-002618861ED1} = {5718B3BF-DC5A-4656-A009-DC33C3D1E61F}
		{2B19CF6E-31BC-11E1-AAE3-002618861ED1} = {5718B3BF-DC5A-4656-A009-DC33C3D1E61F}
		{C24385C0-391F-11E1-9D51-C66CAB017A67} = {5718B3BF-DC5A-4656-A009-DC33C3D1E61F}
		{B1AD40F0-4F38-11E1-9313-002618861ED1} = {0BB17E1B-5B1C-495F-A883-63601695EA40}
	EndGlobalSection
EndGlobal
