<?xml version="1.0" encoding="utf-8"?>
<Project ToolsVersion="4.0" xmlns="http://schemas.microsoft.com/developer/msbuild/2003">
  <ItemGroup>
    <Filter Include="Source Files">
      <UniqueIdentifier>{a04011f0-ebe0-11e0-abf6-002618861ed1}</UniqueIdentifier>
      <Extensions>cpp;c;cc</Extensions>
    </Filter>
  </ItemGroup>
  <ItemGroup>
    <ClCompile Include="..\sha256.c">
      <Filter>Source Files</Filter>
    </ClCompile>
  </ItemGroup>
</Project>