<?xml version="1.0" encoding="utf-8"?>
<Project ToolsVersion="4.0" xmlns="http://schemas.microsoft.com/developer/msbuild/2003">
  <ItemGroup>
    <Filter Include="Source Files">
      <UniqueIdentifier>{edc45f70-ebe6-11e0-b9e7-002618861ed1}</UniqueIdentifier>
      <Extensions>cpp;c;cc</Extensions>
    </Filter>
  </ItemGroup>
  <ItemGroup>
    <ClCompile Include="..\bf_cbc_128.c">
      <Filter>Source Files</Filter>
    </ClCompile>
  </ItemGroup>
</Project>