<?xml version="1.0" encoding="utf-8"?>
<Project ToolsVersion="4.0" xmlns="http://schemas.microsoft.com/developer/msbuild/2003">
  <ItemGroup>
    <Filter Include="Source Files">
      <UniqueIdentifier>{831c33c2-45f0-4d37-b82f-e06f92844fdf}</UniqueIdentifier>
    </Filter>
  </ItemGroup>
  <ItemGroup>
    <ClCompile Include="..\dh_params.c">
      <Filter>Source Files</Filter>
    </ClCompile>
  </ItemGroup>
</Project>