<?xml version="1.0" encoding="utf-8"?>
<Project ToolsVersion="4.0" xmlns="http://schemas.microsoft.com/developer/msbuild/2003">
  <ItemGroup>
    <Filter Include="Source Files">
      <UniqueIdentifier>{5c902a80-126e-11e1-a253-002618861ed1}</UniqueIdentifier>
      <Extensions>cpp;c;cc</Extensions>
    </Filter>
  </ItemGroup>
  <ItemGroup>
    <ClCompile Include="..\cast_ofb64_128.c">
      <Filter>Source Files</Filter>
    </ClCompile>
  </ItemGroup>
</Project>